<?xml version="1.0" encoding="utf-8"?>
<Project ToolsVersion="4.0" xmlns="http://schemas.microsoft.com/developer/msbuild/2003">
  <ItemGroup>
    <ClCompile Include="stdafx.cpp" />
    <ClCompile Include="main\main.cpp">
      <Filter>main</Filter>
    </ClCompile>
    <ClCompile Include="RHI\RHI.cpp">
      <Filter>RHI</Filter>
    </ClCompile>
    <ClCompile Include="RHI\RHICommandList.cpp">
      <Filter>RHI</Filter>
    </ClCompile>
    <ClCompile Include="RHI\RHICommandQueue.cpp">
      <Filter>RHI</Filter>
    </ClCompile>
    <ClCompile Include="RHI\RHIDevice.cpp">
      <Filter>RHI</Filter>
    </ClCompile>
    <ClCompile Include="RHI\RHICore.cpp">
      <Filter>RHI</Filter>
    </ClCompile>
    <ClCompile Include="RHI\RHIRenderTarget.cpp">
      <Filter>RHI</Filter>
    </ClCompile>
    <ClCompile Include="RHI\RHICommandAllocator.cpp">
      <Filter>RHI</Filter>
    </ClCompile>
    <ClCompile Include="RHI\RHIResource.cpp">
      <Filter>RHI</Filter>
    </ClCompile>
    <ClCompile Include="RHI\RHIPipelineState.cpp">
      <Filter>RHI</Filter>
    </ClCompile>
    <ClCompile Include="RHI\RHIResourcePacket.cpp">
      <Filter>RHI</Filter>
    </ClCompile>
    <ClCompile Include="win32\d3d12.cpp">
      <Filter>win32</Filter>
    </ClCompile>
    <ClCompile Include="win32\dxgi.cpp">
      <Filter>win32</Filter>
    </ClCompile>
    <ClCompile Include="win32\d3d9.cpp">
      <Filter>win32</Filter>
    </ClCompile>
    <ClCompile Include="win32\d3d11.cpp">
      <Filter>win32</Filter>
    </ClCompile>
    <ClCompile Include="RHI\RHIFence.cpp">
      <Filter>RHI</Filter>
    </ClCompile>
  </ItemGroup>
  <ItemGroup>
    <ClInclude Include="stdafx.h" />
    <ClInclude Include="main\main.h">
      <Filter>main</Filter>
    </ClInclude>
    <ClInclude Include="RHI\RHI.h">
      <Filter>RHI</Filter>
    </ClInclude>
    <ClInclude Include="RHI\RHICommandList.h">
      <Filter>RHI</Filter>
    </ClInclude>
    <ClInclude Include="RHI\RHICommandQueue.h">
      <Filter>RHI</Filter>
    </ClInclude>
    <ClInclude Include="RHI\RHIDevice.h">
      <Filter>RHI</Filter>
    </ClInclude>
    <ClInclude Include="RHI\RHICore.h">
      <Filter>RHI</Filter>
    </ClInclude>
    <ClInclude Include="RHI\RHIRenderTarget.h">
      <Filter>RHI</Filter>
    </ClInclude>
    <ClInclude Include="RHI\RHICommandAllocator.h">
      <Filter>RHI</Filter>
    </ClInclude>
    <ClInclude Include="RHI\RHIResource.h">
      <Filter>RHI</Filter>
    </ClInclude>
    <ClInclude Include="RHI\RHIPipelineState.h">
      <Filter>RHI</Filter>
    </ClInclude>
    <ClInclude Include="RHI\RHIResourcePacket.h">
      <Filter>RHI</Filter>
    </ClInclude>
    <ClInclude Include="win32\d3d12.h">
      <Filter>win32</Filter>
    </ClInclude>
    <ClInclude Include="win32\dxgi.h">
      <Filter>win32</Filter>
    </ClInclude>
    <ClInclude Include="win32\d3d9.h">
      <Filter>win32</Filter>
    </ClInclude>
    <ClInclude Include="win32\d3d11.h">
      <Filter>win32</Filter>
    </ClInclude>
    <ClInclude Include="RHI\RHIFence.h">
      <Filter>RHI</Filter>
    </ClInclude>
  </ItemGroup>
  <ItemGroup>
    <Filter Include="main">
      <UniqueIdentifier>{88779072-c8c3-48d8-b1d9-fd7315e9672e}</UniqueIdentifier>
    </Filter>
    <Filter Include="RHI">
      <UniqueIdentifier>{6104e7b8-9f14-4881-baaf-fac8f7253a4f}</UniqueIdentifier>
    </Filter>
    <Filter Include="data">
      <UniqueIdentifier>{bd8895fe-4f13-4bca-823c-c3f67cde0523}</UniqueIdentifier>
    </Filter>
    <Filter Include="data\shaders">
      <UniqueIdentifier>{005b9527-5a47-4dc0-b739-a76afa70f4ea}</UniqueIdentifier>
    </Filter>
    <Filter Include="win32">
      <UniqueIdentifier>{7e824935-a9b0-4abc-b1ce-0f2692f1cbbe}</UniqueIdentifier>
    </Filter>
  </ItemGroup>
  <ItemGroup>
    <None Include="data\shaders\basic.hlsl">
      <Filter>data\shaders</Filter>
    </None>
    <None Include="data\shaders\bspline.hlsl">
      <Filter>data\shaders</Filter>
    </None>
    <None Include="data\shaders\hair.hlsl">
      <Filter>data\shaders</Filter>
    </None>
    <None Include="data\shaders\hair_simulate.hlsl" />
  </ItemGroup>
</Project>