
Microsoft Visual Studio Solution File, Format Version 12.00
# Visual Studio Version 16
VisualStudioVersion = 16.0.28803.156
MinimumVisualStudioVersion = 10.0.40219.1
Project("{8BC9CEB8-8B4A-11D0-8D11-00A0C91BC942}") = "xui", "xui\xui.vcxproj", "{327EADFF-ED36-413C-89FE-D9DC08BE57BE}"
EndProject
Project("{8BC9CEB8-8B4A-11D0-8D11-00A0C91BC942}") = "x", "x\x.vcxproj", "{0CD56909-021A-4656-BAF7-C1183FD6DFF8}"
EndProject
Project("{2150E333-8FDC-42A3-9474-1A3956D46DE8}") = "Solution Items", "Solution Items", "{EA5B00CE-9F6E-4DC0-A261-FC7606435520}"
	ProjectSection(SolutionItems) = preProject
		skia.natvis = skia.natvis
		xui.natvis = xui.natvis
	EndProjectSection
EndProject
Project("{8BC9CEB8-8B4A-11D0-8D11-00A0C91BC942}") = "xtest", "xtest\xtest.vcxproj", "{2F38136F-B7AF-480A-938D-F3F6B66C876A}"
EndProject
Project("{8BC9CEB8-8B4A-11D0-8D11-00A0C91BC942}") = "xscript", "xscript\xscript.vcxproj", "{EC2DC7AE-4BDD-462B-9B03-3498FE9C312F}"
EndProject
Global
	GlobalSection(SolutionConfigurationPlatforms) = preSolution
		Debug|x64 = Debug|x64
		Debug|x86 = Debug|x86
		Release|x64 = Release|x64
		Release|x86 = Release|x86
	EndGlobalSection
	GlobalSection(ProjectConfigurationPlatforms) = postSolution
		{327EADFF-ED36-413C-89FE-D9DC08BE57BE}.Debug|x64.ActiveCfg = Debug|x64
		{327EADFF-ED36-413C-89FE-D9DC08BE57BE}.Debug|x64.Build.0 = Debug|x64
		{327EADFF-ED36-413C-89FE-D9DC08BE57BE}.Debug|x86.ActiveCfg = Debug|Win32
		{327EADFF-ED36-413C-89FE-D9DC08BE57BE}.Debug|x86.Build.0 = Debug|Win32
		{327EADFF-ED36-413C-89FE-D9DC08BE57BE}.Release|x64.ActiveCfg = Release|x64
		{327EADFF-ED36-413C-89FE-D9DC08BE57BE}.Release|x64.Build.0 = Release|x64
		{327EADFF-ED36-413C-89FE-D9DC08BE57BE}.Release|x86.ActiveCfg = Release|Win32
		{327EADFF-ED36-413C-89FE-D9DC08BE57BE}.Release|x86.Build.0 = Release|Win32
		{0CD56909-021A-4656-BAF7-C1183FD6DFF8}.Debug|x64.ActiveCfg = Debug|x64
		{0CD56909-021A-4656-BAF7-C1183FD6DFF8}.Debug|x64.Build.0 = Debug|x64
		{0CD56909-021A-4656-BAF7-C1183FD6DFF8}.Debug|x86.ActiveCfg = Debug|Win32
		{0CD56909-021A-4656-BAF7-C1183FD6DFF8}.Debug|x86.Build.0 = Debug|Win32
		{0CD56909-021A-4656-BAF7-C1183FD6DFF8}.Release|x64.ActiveCfg = Release|x64
		{0CD56909-021A-4656-BAF7-C1183FD6DFF8}.Release|x64.Build.0 = Release|x64
		{0CD56909-021A-4656-BAF7-C1183FD6DFF8}.Release|x86.ActiveCfg = Release|Win32
		{0CD56909-021A-4656-BAF7-C1183FD6DFF8}.Release|x86.Build.0 = Release|Win32
		{2F38136F-B7AF-480A-938D-F3F6B66C876A}.Debug|x64.ActiveCfg = Debug|x64
		{2F38136F-B7AF-480A-938D-F3F6B66C876A}.Debug|x64.Build.0 = Debug|x64
		{2F38136F-B7AF-480A-938D-F3F6B66C876A}.Debug|x86.ActiveCfg = Debug|Win32
		{2F38136F-B7AF-480A-938D-F3F6B66C876A}.Debug|x86.Build.0 = Debug|Win32
		{2F38136F-B7AF-480A-938D-F3F6B66C876A}.Release|x64.ActiveCfg = Release|x64
		{2F38136F-B7AF-480A-938D-F3F6B66C876A}.Release|x64.Build.0 = Release|x64
		{2F38136F-B7AF-480A-938D-F3F6B66C876A}.Release|x86.ActiveCfg = Release|Win32
		{2F38136F-B7AF-480A-938D-F3F6B66C876A}.Release|x86.Build.0 = Release|Win32
		{EC2DC7AE-4BDD-462B-9B03-3498FE9C312F}.Debug|x64.ActiveCfg = Debug|x64
		{EC2DC7AE-4BDD-462B-9B03-3498FE9C312F}.Debug|x64.Build.0 = Debug|x64
		{EC2DC7AE-4BDD-462B-9B03-3498FE9C312F}.Debug|x86.ActiveCfg = Debug|Win32
		{EC2DC7AE-4BDD-462B-9B03-3498FE9C312F}.Debug|x86.Build.0 = Debug|Win32
		{EC2DC7AE-4BDD-462B-9B03-3498FE9C312F}.Release|x64.ActiveCfg = Release|x64
		{EC2DC7AE-4BDD-462B-9B03-3498FE9C312F}.Release|x64.Build.0 = Release|x64
		{EC2DC7AE-4BDD-462B-9B03-3498FE9C312F}.Release|x86.ActiveCfg = Release|Win32
		{EC2DC7AE-4BDD-462B-9B03-3498FE9C312F}.Release|x86.Build.0 = Release|Win32
	EndGlobalSection
	GlobalSection(SolutionProperties) = preSolution
		HideSolutionNode = FALSE
	EndGlobalSection
	GlobalSection(ExtensibilityGlobals) = postSolution
		SolutionGuid = {0946FFBE-E9ED-4ACD-9B64-B4E691A0B17F}
	EndGlobalSection
EndGlobal
