<?xml version="1.0" encoding="utf-8"?>
<Project ToolsVersion="4.0" xmlns="http://schemas.microsoft.com/developer/msbuild/2003">
  <ItemGroup>
    <ClCompile Include="stdafx.cpp" />
    <ClCompile Include="drawing\Graphics.cpp">
      <Filter>drawing</Filter>
    </ClCompile>
    <ClCompile Include="drawing\Image.cpp">
      <Filter>drawing</Filter>
    </ClCompile>
    <ClCompile Include="drawing\Bitmap.cpp">
      <Filter>drawing</Filter>
    </ClCompile>
    <ClCompile Include="drawing\font.cpp">
      <Filter>drawing</Filter>
    </ClCompile>
    <ClCompile Include="drawing\StringFormat.cpp">
      <Filter>drawing</Filter>
    </ClCompile>
    <ClCompile Include="drawing\PathStyle.cpp">
      <Filter>drawing</Filter>
    </ClCompile>
    <ClCompile Include="drawing\Path.cpp">
      <Filter>drawing</Filter>
    </ClCompile>
    <ClCompile Include="drawing\Region.cpp">
      <Filter>drawing</Filter>
    </ClCompile>
    <ClCompile Include="drawing\skia\skia.cpp">
      <Filter>drawing\skia</Filter>
    </ClCompile>
    <ClCompile Include="drawing\drawing.cpp">
      <Filter>drawing</Filter>
    </ClCompile>
    <ClCompile Include="drawing\ColorFilter.cpp">
      <Filter>drawing</Filter>
    </ClCompile>
    <ClCompile Include="drawing\Text.cpp">
      <Filter>drawing</Filter>
    </ClCompile>
    <ClCompile Include="drawing\ImageFormat.cpp">
      <Filter>drawing</Filter>
    </ClCompile>
    <ClCompile Include="x2d.cpp" />
    <ClCompile Include="platform\platform_x2d.cpp">
      <Filter>platform</Filter>
    </ClCompile>
  </ItemGroup>
  <ItemGroup>
    <ClInclude Include="stdafx.h" />
    <ClInclude Include="drawing\Graphics.h">
      <Filter>drawing</Filter>
    </ClInclude>
    <ClInclude Include="drawing\Image.h">
      <Filter>drawing</Filter>
    </ClInclude>
    <ClInclude Include="drawing\Bitmap.h">
      <Filter>drawing</Filter>
    </ClInclude>
    <ClInclude Include="drawing\skia\skia.h">
      <Filter>drawing\skia</Filter>
    </ClInclude>
    <ClInclude Include="drawing\font.h">
      <Filter>drawing</Filter>
    </ClInclude>
    <ClInclude Include="drawing\StringFormat.h">
      <Filter>drawing</Filter>
    </ClInclude>
    <ClInclude Include="drawing\PathStyle.h">
      <Filter>drawing</Filter>
    </ClInclude>
    <ClInclude Include="drawing\Path.h">
      <Filter>drawing</Filter>
    </ClInclude>
    <ClInclude Include="drawing\Region.h">
      <Filter>drawing</Filter>
    </ClInclude>
    <ClInclude Include="drawing\drawing.h">
      <Filter>drawing</Filter>
    </ClInclude>
    <ClInclude Include="drawing\ColorFilter.h">
      <Filter>drawing</Filter>
    </ClInclude>
    <ClInclude Include="drawing\Text.h">
      <Filter>drawing</Filter>
    </ClInclude>
    <ClInclude Include="drawing\ImageFormat.h">
      <Filter>drawing</Filter>
    </ClInclude>
    <ClInclude Include="x2d.h" />
    <ClInclude Include="platform\platform_x2d.h">
      <Filter>platform</Filter>
    </ClInclude>
  </ItemGroup>
  <ItemGroup>
    <Filter Include="drawing">
      <UniqueIdentifier>{749c32a9-4ad8-41c4-ac68-4c8f72da806d}</UniqueIdentifier>
    </Filter>
    <Filter Include="drawing\skia">
      <UniqueIdentifier>{24e94b74-1226-4644-ae9c-e92ef487af0b}</UniqueIdentifier>
    </Filter>
    <Filter Include="platform">
      <UniqueIdentifier>{4cfeef82-cceb-4e5a-9fcd-3abf35484807}</UniqueIdentifier>
    </Filter>
  </ItemGroup>
</Project>