<?xml version="1.0" encoding="utf-8"?>
<Project ToolsVersion="4.0" xmlns="http://schemas.microsoft.com/developer/msbuild/2003">
  <ItemGroup>
    <ClCompile Include="stdafx.cpp" />
    <ClCompile Include="win32\win32.cpp">
      <Filter>win32</Filter>
    </ClCompile>
    <ClCompile Include="platform.cpp" />
    <ClCompile Include="platform_timer.cpp" />
    <ClCompile Include="platform_object.cpp" />
    <ClCompile Include="platform_library.cpp" />
    <ClCompile Include="platform_x2d.cpp" />
  </ItemGroup>
  <ItemGroup>
    <ClInclude Include="stdafx.h" />
    <ClInclude Include="win32\win32.h">
      <Filter>win32</Filter>
    </ClInclude>
    <ClInclude Include="platform.h" />
  </ItemGroup>
  <ItemGroup>
    <Filter Include="win32">
      <UniqueIdentifier>{e59198d3-b02d-4361-b998-da485eed6cfb}</UniqueIdentifier>
    </Filter>
  </ItemGroup>
</Project>