<?xml version="1.0" encoding="utf-8"?>
<Project ToolsVersion="4.0" xmlns="http://schemas.microsoft.com/developer/msbuild/2003">
  <ItemGroup>
    <ClCompile Include="stdafx.cpp" />
    <ClCompile Include="main\main.cpp">
      <Filter>main</Filter>
    </ClCompile>
    <ClCompile Include="RHI\RHI.cpp">
      <Filter>RHI</Filter>
    </ClCompile>
    <ClCompile Include="RHI\RHICommandList.cpp">
      <Filter>RHI</Filter>
    </ClCompile>
    <ClCompile Include="RHI\RHICommandQueue.cpp">
      <Filter>RHI</Filter>
    </ClCompile>
    <ClCompile Include="RHI\RHIDevice.cpp">
      <Filter>RHI</Filter>
    </ClCompile>
    <ClCompile Include="RHID3D12\RHID3D12Device.cpp">
      <Filter>RHID3D12</Filter>
    </ClCompile>
    <ClCompile Include="RHI\RHICore.cpp">
      <Filter>RHI</Filter>
    </ClCompile>
    <ClCompile Include="RHID3D12\RHID3D12CommandQueue.cpp">
      <Filter>RHID3D12</Filter>
    </ClCompile>
    <ClCompile Include="RHID3D12\RHID3D12CommandList.cpp">
      <Filter>RHID3D12</Filter>
    </ClCompile>
    <ClCompile Include="RHI\RHIRenderTarget.cpp">
      <Filter>RHI</Filter>
    </ClCompile>
    <ClCompile Include="RHID3D12\RHID3D12Core.cpp">
      <Filter>RHID3D12</Filter>
    </ClCompile>
    <ClCompile Include="RHI\RHICommandAllocator.cpp">
      <Filter>RHI</Filter>
    </ClCompile>
    <ClCompile Include="RHID3D12\RHID3D12CommandAllocator.cpp">
      <Filter>RHID3D12</Filter>
    </ClCompile>
    <ClCompile Include="RHID3D12\RHID3D12RenderTargetHWND.cpp">
      <Filter>RHID3D12</Filter>
    </ClCompile>
    <ClCompile Include="RHID3D12\RHID3D12Resource.cpp">
      <Filter>RHID3D12</Filter>
    </ClCompile>
    <ClCompile Include="RHI\RHIResource.cpp">
      <Filter>RHI</Filter>
    </ClCompile>
    <ClCompile Include="RHID3D12\RHID3D12Utils.cpp">
      <Filter>RHID3D12</Filter>
    </ClCompile>
    <ClCompile Include="RHID3D12\RHID3D12Factory.cpp">
      <Filter>RHID3D12</Filter>
    </ClCompile>
    <ClCompile Include="RHID3D12\RHID3D12.cpp">
      <Filter>RHID3D12</Filter>
    </ClCompile>
    <ClCompile Include="RHI\RHIPipelineState.cpp">
      <Filter>RHI</Filter>
    </ClCompile>
    <ClCompile Include="RHID3D12\RHID3D12PipelineState.cpp">
      <Filter>RHID3D12</Filter>
    </ClCompile>
    <ClCompile Include="RHID3D12\RHID3D12ResourcePacket.cpp">
      <Filter>RHID3D12</Filter>
    </ClCompile>
    <ClCompile Include="RHI\RHIResourcePacket.cpp">
      <Filter>RHI</Filter>
    </ClCompile>
    <ClCompile Include="RHID3D12\RHID3D12RenderTarget.cpp">
      <Filter>RHID3D12</Filter>
    </ClCompile>
    <ClCompile Include="RHID3D11\RHID3D11.cpp">
      <Filter>RHID3D11</Filter>
    </ClCompile>
    <ClCompile Include="win32\d3d12.cpp">
      <Filter>win32</Filter>
    </ClCompile>
    <ClCompile Include="win32\dxgi.cpp">
      <Filter>win32</Filter>
    </ClCompile>
    <ClCompile Include="win32\d3d9.cpp">
      <Filter>win32</Filter>
    </ClCompile>
    <ClCompile Include="win32\d3d11.cpp">
      <Filter>win32</Filter>
    </ClCompile>
    <ClCompile Include="RHID3D11\RHID3D11Utils.cpp">
      <Filter>RHID3D11</Filter>
    </ClCompile>
    <ClCompile Include="RHID3D11\RHID3D11Factory.cpp">
      <Filter>RHID3D11</Filter>
    </ClCompile>
    <ClCompile Include="RHID3D11\RHID3D11Device.cpp">
      <Filter>RHID3D11</Filter>
    </ClCompile>
    <ClCompile Include="RHID3D11\RHID3D11CommandAllocator.cpp">
      <Filter>RHID3D11</Filter>
    </ClCompile>
    <ClCompile Include="RHID3D11\RHID3D11CommandList.cpp">
      <Filter>RHID3D11</Filter>
    </ClCompile>
    <ClCompile Include="RHID3D11\RHID3D11CommandQueue.cpp">
      <Filter>RHID3D11</Filter>
    </ClCompile>
    <ClCompile Include="RHID3D11\RHID3D11RenderTarget.cpp">
      <Filter>RHID3D11</Filter>
    </ClCompile>
    <ClCompile Include="RHID3D11\RHID3D11RenderTargetHWND.cpp">
      <Filter>RHID3D11</Filter>
    </ClCompile>
    <ClCompile Include="RHID3D11\RHID3D11PipelineState.cpp">
      <Filter>RHID3D11</Filter>
    </ClCompile>
    <ClCompile Include="RHID3D11\RHID3D11Resource.cpp">
      <Filter>RHID3D11</Filter>
    </ClCompile>
    <ClCompile Include="RHID3D11\RHID3D11ResourcePacket.cpp">
      <Filter>RHID3D11</Filter>
    </ClCompile>
    <ClCompile Include="RHI\RHIFence.cpp">
      <Filter>RHI</Filter>
    </ClCompile>
    <ClCompile Include="RHID3D12\RHID3D12Fence.cpp">
      <Filter>RHID3D12</Filter>
    </ClCompile>
    <ClCompile Include="RHID3D11\RHID3D11Fence.cpp">
      <Filter>RHID3D11</Filter>
    </ClCompile>
    <ClCompile Include="RHIVulkan\RHIVulkan.cpp">
      <Filter>RHIVulkan</Filter>
    </ClCompile>
    <ClCompile Include="RHIVulkan\RHIVulkanFactory.cpp">
      <Filter>RHIVulkan</Filter>
    </ClCompile>
    <ClCompile Include="RHIVulkan\RHIVulkanDevice.cpp">
      <Filter>RHIVulkan</Filter>
    </ClCompile>
    <ClCompile Include="RHIVulkan\RHIVulkanCommandAllocator.cpp">
      <Filter>RHIVulkan</Filter>
    </ClCompile>
    <ClCompile Include="RHIVulkan\RHIVulkanCommandList.cpp">
      <Filter>RHIVulkan</Filter>
    </ClCompile>
    <ClCompile Include="RHIVulkan\RHIVulkanRenderTarget.cpp">
      <Filter>RHIVulkan</Filter>
    </ClCompile>
    <ClCompile Include="RHIVulkan\RHIVulkanRenderTargetHWND.cpp">
      <Filter>RHIVulkan</Filter>
    </ClCompile>
    <ClCompile Include="RHIVulkan\RHIVulkanCommandQueue.cpp">
      <Filter>RHIVulkan</Filter>
    </ClCompile>
    <ClCompile Include="RHIVulkan\RHIVulkanResource.cpp">
      <Filter>RHIVulkan</Filter>
    </ClCompile>
  </ItemGroup>
  <ItemGroup>
    <ClInclude Include="stdafx.h" />
    <ClInclude Include="main\main.h">
      <Filter>main</Filter>
    </ClInclude>
    <ClInclude Include="RHI\RHI.h">
      <Filter>RHI</Filter>
    </ClInclude>
    <ClInclude Include="RHI\RHICommandList.h">
      <Filter>RHI</Filter>
    </ClInclude>
    <ClInclude Include="RHI\RHICommandQueue.h">
      <Filter>RHI</Filter>
    </ClInclude>
    <ClInclude Include="RHI\RHIDevice.h">
      <Filter>RHI</Filter>
    </ClInclude>
    <ClInclude Include="RHID3D12\RHID3D12Device.h">
      <Filter>RHID3D12</Filter>
    </ClInclude>
    <ClInclude Include="RHI\RHICore.h">
      <Filter>RHI</Filter>
    </ClInclude>
    <ClInclude Include="RHID3D12\RHID3D12CommandQueue.h">
      <Filter>RHID3D12</Filter>
    </ClInclude>
    <ClInclude Include="RHID3D12\RHID3D12CommandList.h">
      <Filter>RHID3D12</Filter>
    </ClInclude>
    <ClInclude Include="RHI\RHIRenderTarget.h">
      <Filter>RHI</Filter>
    </ClInclude>
    <ClInclude Include="RHID3D12\RHID3D12Core.h">
      <Filter>RHID3D12</Filter>
    </ClInclude>
    <ClInclude Include="RHI\RHICommandAllocator.h">
      <Filter>RHI</Filter>
    </ClInclude>
    <ClInclude Include="RHID3D12\RHID3D12CommandAllocator.h">
      <Filter>RHID3D12</Filter>
    </ClInclude>
    <ClInclude Include="RHID3D12\RHID3D12RenderTargetHWND.h">
      <Filter>RHID3D12</Filter>
    </ClInclude>
    <ClInclude Include="RHID3D12\RHID3D12Resource.h">
      <Filter>RHID3D12</Filter>
    </ClInclude>
    <ClInclude Include="RHI\RHIResource.h">
      <Filter>RHI</Filter>
    </ClInclude>
    <ClInclude Include="RHID3D12\RHID3D12Utils.h">
      <Filter>RHID3D12</Filter>
    </ClInclude>
    <ClInclude Include="RHID3D12\RHID3D12Factory.h">
      <Filter>RHID3D12</Filter>
    </ClInclude>
    <ClInclude Include="RHID3D12\RHID3D12.h">
      <Filter>RHID3D12</Filter>
    </ClInclude>
    <ClInclude Include="RHI\RHIPipelineState.h">
      <Filter>RHI</Filter>
    </ClInclude>
    <ClInclude Include="RHID3D12\RHID3D12PipelineState.h">
      <Filter>RHID3D12</Filter>
    </ClInclude>
    <ClInclude Include="RHID3D12\RHID3D12ResourcePacket.h">
      <Filter>RHID3D12</Filter>
    </ClInclude>
    <ClInclude Include="RHI\RHIResourcePacket.h">
      <Filter>RHI</Filter>
    </ClInclude>
    <ClInclude Include="RHID3D12\RHID3D12RenderTarget.h">
      <Filter>RHID3D12</Filter>
    </ClInclude>
    <ClInclude Include="RHID3D11\RHID3D11.h">
      <Filter>RHID3D11</Filter>
    </ClInclude>
    <ClInclude Include="RHID3D11\RHID3D11Core.h">
      <Filter>RHID3D11</Filter>
    </ClInclude>
    <ClInclude Include="win32\d3d12.h">
      <Filter>win32</Filter>
    </ClInclude>
    <ClInclude Include="win32\dxgi.h">
      <Filter>win32</Filter>
    </ClInclude>
    <ClInclude Include="win32\d3d9.h">
      <Filter>win32</Filter>
    </ClInclude>
    <ClInclude Include="win32\d3d11.h">
      <Filter>win32</Filter>
    </ClInclude>
    <ClInclude Include="RHID3D11\RHID3D11Utils.h">
      <Filter>RHID3D11</Filter>
    </ClInclude>
    <ClInclude Include="RHID3D11\RHID3D11Factory.h">
      <Filter>RHID3D11</Filter>
    </ClInclude>
    <ClInclude Include="RHID3D11\RHID3D11Device.h">
      <Filter>RHID3D11</Filter>
    </ClInclude>
    <ClInclude Include="RHID3D11\RHID3D11CommandAllocator.h">
      <Filter>RHID3D11</Filter>
    </ClInclude>
    <ClInclude Include="RHID3D11\RHID3D11CommandList.h">
      <Filter>RHID3D11</Filter>
    </ClInclude>
    <ClInclude Include="RHID3D11\RHID3D11CommandQueue.h">
      <Filter>RHID3D11</Filter>
    </ClInclude>
    <ClInclude Include="RHID3D11\RHID3D11RenderTarget.h">
      <Filter>RHID3D11</Filter>
    </ClInclude>
    <ClInclude Include="RHID3D11\RHID3D11RenderTargetHWND.h">
      <Filter>RHID3D11</Filter>
    </ClInclude>
    <ClInclude Include="RHID3D11\RHID3D11PipelineState.h">
      <Filter>RHID3D11</Filter>
    </ClInclude>
    <ClInclude Include="RHID3D11\RHID3D11Resource.h">
      <Filter>RHID3D11</Filter>
    </ClInclude>
    <ClInclude Include="RHID3D11\RHID3D11ResourcePacket.h">
      <Filter>RHID3D11</Filter>
    </ClInclude>
    <ClInclude Include="RHI\RHIFence.h">
      <Filter>RHI</Filter>
    </ClInclude>
    <ClInclude Include="RHID3D12\RHID3D12Fence.h">
      <Filter>RHID3D12</Filter>
    </ClInclude>
    <ClInclude Include="RHID3D11\RHID3D11Fence.h">
      <Filter>RHID3D11</Filter>
    </ClInclude>
    <ClInclude Include="RHIVulkan\RHIVulkan.h">
      <Filter>RHIVulkan</Filter>
    </ClInclude>
    <ClInclude Include="RHIVulkan\RHIVulkanFactory.h">
      <Filter>RHIVulkan</Filter>
    </ClInclude>
    <ClInclude Include="RHIVulkan\RHIVulkanCore.h">
      <Filter>RHIVulkan</Filter>
    </ClInclude>
    <ClInclude Include="RHIVulkan\RHIVulkanDevice.h">
      <Filter>RHIVulkan</Filter>
    </ClInclude>
    <ClInclude Include="RHIVulkan\RHIVulkanCommandAllocator.h">
      <Filter>RHIVulkan</Filter>
    </ClInclude>
    <ClInclude Include="RHIVulkan\RHIVulkanCommandList.h">
      <Filter>RHIVulkan</Filter>
    </ClInclude>
    <ClInclude Include="RHIVulkan\RHIVulkanRenderTarget.h">
      <Filter>RHIVulkan</Filter>
    </ClInclude>
    <ClInclude Include="RHIVulkan\RHIVulkanRenderTargetHWND.h">
      <Filter>RHIVulkan</Filter>
    </ClInclude>
    <ClInclude Include="RHIVulkan\RHIVulkanCommandQueue.h">
      <Filter>RHIVulkan</Filter>
    </ClInclude>
    <ClInclude Include="RHIVulkan\RHIVulkanResource.h">
      <Filter>RHIVulkan</Filter>
    </ClInclude>
  </ItemGroup>
  <ItemGroup>
    <Filter Include="main">
      <UniqueIdentifier>{88779072-c8c3-48d8-b1d9-fd7315e9672e}</UniqueIdentifier>
    </Filter>
    <Filter Include="RHI">
      <UniqueIdentifier>{6104e7b8-9f14-4881-baaf-fac8f7253a4f}</UniqueIdentifier>
    </Filter>
    <Filter Include="RHID3D12">
      <UniqueIdentifier>{283d51c4-d5d5-462c-9d01-55051fa98fe3}</UniqueIdentifier>
    </Filter>
    <Filter Include="data">
      <UniqueIdentifier>{bd8895fe-4f13-4bca-823c-c3f67cde0523}</UniqueIdentifier>
    </Filter>
    <Filter Include="data\shaders">
      <UniqueIdentifier>{005b9527-5a47-4dc0-b739-a76afa70f4ea}</UniqueIdentifier>
    </Filter>
    <Filter Include="RHID3D11">
      <UniqueIdentifier>{51c1a566-c02c-4137-a013-905dc1d2b16b}</UniqueIdentifier>
    </Filter>
    <Filter Include="win32">
      <UniqueIdentifier>{7e824935-a9b0-4abc-b1ce-0f2692f1cbbe}</UniqueIdentifier>
    </Filter>
    <Filter Include="RHIVulkan">
      <UniqueIdentifier>{3dab2cf7-82d4-4368-bba4-9ed3d60d7115}</UniqueIdentifier>
    </Filter>
  </ItemGroup>
  <ItemGroup>
    <None Include="data\shaders\basic.hlsl">
      <Filter>data\shaders</Filter>
    </None>
    <None Include="data\shaders\bspline.hlsl">
      <Filter>data\shaders</Filter>
    </None>
    <None Include="data\shaders\hair.hlsl">
      <Filter>data\shaders</Filter>
    </None>
    <None Include="data\shaders\hair_simulate.hlsl" />
  </ItemGroup>
</Project>