<?xml version="1.0" encoding="utf-8"?>
<Project ToolsVersion="4.0" xmlns="http://schemas.microsoft.com/developer/msbuild/2003">
  <ItemGroup>
    <Filter Include="tools">
      <UniqueIdentifier>{8800f8ec-6bca-48cc-a4d9-cec95f50f4f0}</UniqueIdentifier>
    </Filter>
    <Filter Include="common">
      <UniqueIdentifier>{eef056bb-a5e5-4258-a9fa-7b31ac491b59}</UniqueIdentifier>
    </Filter>
    <Filter Include="tools\network">
      <UniqueIdentifier>{ef743069-58ae-4c01-b19a-077b6313e711}</UniqueIdentifier>
    </Filter>
    <Filter Include="tools\io">
      <UniqueIdentifier>{54c698dc-b5c1-479d-be45-666244d96aa1}</UniqueIdentifier>
    </Filter>
    <Filter Include="win32">
      <UniqueIdentifier>{96c66e17-d62e-401c-938c-b5ccc3fba122}</UniqueIdentifier>
    </Filter>
  </ItemGroup>
  <ItemGroup>
    <ClInclude Include="tools\base64.h">
      <Filter>tools</Filter>
    </ClInclude>
    <ClInclude Include="common\error.h">
      <Filter>common</Filter>
    </ClInclude>
    <ClInclude Include="tools\network\addr.h">
      <Filter>tools\network</Filter>
    </ClInclude>
    <ClInclude Include="tools\network\http.h">
      <Filter>tools\network</Filter>
    </ClInclude>
    <ClInclude Include="tools\network\socket.h">
      <Filter>tools\network</Filter>
    </ClInclude>
    <ClInclude Include="tools\event.h">
      <Filter>tools</Filter>
    </ClInclude>
    <ClInclude Include="tools\string.h">
      <Filter>tools</Filter>
    </ClInclude>
    <ClInclude Include="stdafx.h" />
    <ClInclude Include="tools\io\stream.h">
      <Filter>tools\io</Filter>
    </ClInclude>
    <ClInclude Include="tools\io\filestream.h">
      <Filter>tools\io</Filter>
    </ClInclude>
    <ClInclude Include="win32\com_ptr.h">
      <Filter>win32</Filter>
    </ClInclude>
    <ClInclude Include="win32\pipe.h">
      <Filter>win32</Filter>
    </ClInclude>
    <ClInclude Include="win32\windows.h">
      <Filter>win32</Filter>
    </ClInclude>
    <ClInclude Include="common\logger.h">
      <Filter>common</Filter>
    </ClInclude>
    <ClInclude Include="common\system.h">
      <Filter>common</Filter>
    </ClInclude>
    <ClInclude Include="common\path.h">
      <Filter>common</Filter>
    </ClInclude>
    <ClInclude Include="win32\sync.h">
      <Filter>win32</Filter>
    </ClInclude>
    <ClInclude Include="tools\invokable.h">
      <Filter>tools</Filter>
    </ClInclude>
    <ClInclude Include="tools\bufferpool.h">
      <Filter>tools</Filter>
    </ClInclude>
    <ClInclude Include="resource.h" />
    <ClInclude Include="win32\dll.h">
      <Filter>win32</Filter>
    </ClInclude>
    <ClInclude Include="tools\io\buffer.h">
      <Filter>tools\io</Filter>
    </ClInclude>
    <ClInclude Include="tools\timer_counter.h">
      <Filter>tools</Filter>
    </ClInclude>
    <ClInclude Include="tools\tools.h">
      <Filter>tools</Filter>
    </ClInclude>
    <ClInclude Include="temp_ptr.h">
      <Filter>common</Filter>
    </ClInclude>
    <ClInclude Include="tools\timer.h">
      <Filter>tools</Filter>
    </ClInclude>
    <ClInclude Include="tools\io\dwfileengine.h">
      <Filter>tools\io</Filter>
    </ClInclude>
    <ClInclude Include="win32\system.h">
      <Filter>win32</Filter>
    </ClInclude>
  </ItemGroup>
  <ItemGroup>
    <ClCompile Include="tools\network\addr.cpp">
      <Filter>tools\network</Filter>
    </ClCompile>
    <ClCompile Include="tools\network\http.cpp">
      <Filter>tools\network</Filter>
    </ClCompile>
    <ClCompile Include="tools\network\socket.cpp">
      <Filter>tools\network</Filter>
    </ClCompile>
    <ClCompile Include="tools\event.cpp">
      <Filter>tools</Filter>
    </ClCompile>
    <ClCompile Include="tools\string.cpp">
      <Filter>tools</Filter>
    </ClCompile>
    <ClCompile Include="stdafx.cpp" />
    <ClCompile Include="tools\io\filestream.cpp">
      <Filter>tools\io</Filter>
    </ClCompile>
    <ClCompile Include="win32\com_ptr.cpp">
      <Filter>win32</Filter>
    </ClCompile>
    <ClCompile Include="win32\pipe.cpp">
      <Filter>win32</Filter>
    </ClCompile>
    <ClCompile Include="common\logger.cpp">
      <Filter>common</Filter>
    </ClCompile>
    <ClCompile Include="common\system.cpp">
      <Filter>common</Filter>
    </ClCompile>
    <ClCompile Include="common\error.cpp">
      <Filter>common</Filter>
    </ClCompile>
    <ClCompile Include="win32\windows.cpp">
      <Filter>win32</Filter>
    </ClCompile>
    <ClCompile Include="win32\sync.cpp">
      <Filter>win32</Filter>
    </ClCompile>
    <ClCompile Include="tools\invokable.cpp">
      <Filter>tools</Filter>
    </ClCompile>
    <ClCompile Include="tools\bufferpool.cpp">
      <Filter>tools</Filter>
    </ClCompile>
    <ClCompile Include="win32\dll.cpp">
      <Filter>win32</Filter>
    </ClCompile>
    <ClCompile Include="tools\timer.cpp">
      <Filter>tools</Filter>
    </ClCompile>
    <ClCompile Include="tools\io\dwfileengine.cpp">
      <Filter>tools\io</Filter>
    </ClCompile>
    <ClCompile Include="win32\system.cpp">
      <Filter>win32</Filter>
    </ClCompile>
    <ClCompile Include="skiapa.cpp" />
  </ItemGroup>
  <ItemGroup>
    <None Include=".editorconfig" />
  </ItemGroup>
</Project>