<?xml version="1.0" encoding="utf-8"?>
<Project ToolsVersion="4.0" xmlns="http://schemas.microsoft.com/developer/msbuild/2003">
  <ItemGroup>
    <ClCompile Include="stdafx.cpp" />
    <ClCompile Include="core\error.cpp">
      <Filter>core</Filter>
    </ClCompile>
    <ClCompile Include="core\logger.cpp">
      <Filter>core</Filter>
    </ClCompile>
    <ClCompile Include="core\system.cpp">
      <Filter>core</Filter>
    </ClCompile>
    <ClCompile Include="core\string.cpp">
      <Filter>core</Filter>
    </ClCompile>
    <ClCompile Include="core\network\addr.cpp">
      <Filter>core\network</Filter>
    </ClCompile>
    <ClCompile Include="core\network\http.cpp">
      <Filter>core\network</Filter>
    </ClCompile>
    <ClCompile Include="core\network\socket.cpp">
      <Filter>core\network</Filter>
    </ClCompile>
    <ClCompile Include="core\io\filestream.cpp">
      <Filter>core\io</Filter>
    </ClCompile>
    <ClCompile Include="drawing\image\image.cpp">
      <Filter>drawing\image</Filter>
    </ClCompile>
    <ClCompile Include="drawing\Graphics.cpp">
      <Filter>drawing</Filter>
    </ClCompile>
    <ClCompile Include="core\app.cpp">
      <Filter>core</Filter>
    </ClCompile>
    <ClCompile Include="drawing\Image.cpp">
      <Filter>drawing</Filter>
    </ClCompile>
    <ClCompile Include="drawing\image\formats\bmp.cpp">
      <Filter>drawing\image\formats</Filter>
    </ClCompile>
    <ClCompile Include="drawing\image\formats\dds.cpp">
      <Filter>drawing\image\formats</Filter>
    </ClCompile>
    <ClCompile Include="drawing\image\formats\jpg.cpp">
      <Filter>drawing\image\formats</Filter>
    </ClCompile>
    <ClCompile Include="drawing\image\formats\png.cpp">
      <Filter>drawing\image\formats</Filter>
    </ClCompile>
    <ClCompile Include="drawing\image\formats\tga.cpp">
      <Filter>drawing\image\formats</Filter>
    </ClCompile>
    <ClCompile Include="core\math.cpp">
      <Filter>core</Filter>
    </ClCompile>
    <ClCompile Include="core\core.cpp">
      <Filter>core</Filter>
    </ClCompile>
    <ClCompile Include="drawing\skia\SkShaper.cpp">
      <Filter>drawing\skia</Filter>
    </ClCompile>
    <ClCompile Include="drawing\Bitmap.cpp">
      <Filter>drawing</Filter>
    </ClCompile>
    <ClCompile Include="drawing\TextBlob.cpp">
      <Filter>drawing</Filter>
    </ClCompile>
    <ClCompile Include="drawing\font.cpp">
      <Filter>drawing</Filter>
    </ClCompile>
    <ClCompile Include="drawing\StringFormat.cpp">
      <Filter>drawing</Filter>
    </ClCompile>
    <ClCompile Include="drawing\PathStyle.cpp">
      <Filter>drawing</Filter>
    </ClCompile>
    <ClCompile Include="ui\Form.cpp">
      <Filter>ui</Filter>
    </ClCompile>
    <ClCompile Include="ui\component\Component.cpp">
      <Filter>ui\component</Filter>
    </ClCompile>
    <ClCompile Include="core\float2.cpp">
      <Filter>core</Filter>
    </ClCompile>
    <ClCompile Include="core\float3.cpp">
      <Filter>core</Filter>
    </ClCompile>
    <ClCompile Include="core\float4.cpp">
      <Filter>core</Filter>
    </ClCompile>
    <ClCompile Include="core\float4x4.cpp">
      <Filter>core</Filter>
    </ClCompile>
    <ClCompile Include="core\quat4.cpp">
      <Filter>core</Filter>
    </ClCompile>
    <ClCompile Include="ui\Control.cpp">
      <Filter>ui</Filter>
    </ClCompile>
    <ClCompile Include="ui\Container.cpp">
      <Filter>ui</Filter>
    </ClCompile>
    <ClCompile Include="core\float3x2.cpp">
      <Filter>core</Filter>
    </ClCompile>
    <ClCompile Include="drawing\Path.cpp">
      <Filter>drawing</Filter>
    </ClCompile>
    <ClCompile Include="ui\component\Window.cpp">
      <Filter>ui\component</Filter>
    </ClCompile>
    <ClCompile Include="win32\Window.cpp">
      <Filter>win32</Filter>
    </ClCompile>
    <ClCompile Include="ui\Desktop.cpp">
      <Filter>ui</Filter>
    </ClCompile>
    <ClCompile Include="ui\component\Style.cpp">
      <Filter>ui\component</Filter>
    </ClCompile>
    <ClCompile Include="core\property.cpp">
      <Filter>core</Filter>
    </ClCompile>
    <ClCompile Include="drawing\Region.cpp">
      <Filter>drawing</Filter>
    </ClCompile>
    <ClCompile Include="core\timer.cpp">
      <Filter>core</Filter>
    </ClCompile>
    <ClCompile Include="core\datetime.cpp">
      <Filter>core</Filter>
    </ClCompile>
    <ClCompile Include="core\object.cpp">
      <Filter>core</Filter>
    </ClCompile>
    <ClCompile Include="ui\controls\Button.cpp">
      <Filter>ui\controls</Filter>
    </ClCompile>
    <ClCompile Include="ui\controls\Image.cpp">
      <Filter>ui\controls</Filter>
    </ClCompile>
    <ClCompile Include="ui\controls\Text.cpp">
      <Filter>ui\controls</Filter>
    </ClCompile>
    <ClCompile Include="ui\controls\ScrollBar.cpp">
      <Filter>ui\controls</Filter>
    </ClCompile>
    <ClCompile Include="core\utils.cpp">
      <Filter>core</Filter>
    </ClCompile>
    <ClCompile Include="drawing\skia\skia.cpp">
      <Filter>drawing\skia</Filter>
    </ClCompile>
    <ClCompile Include="ui\Scene.cpp">
      <Filter>ui</Filter>
    </ClCompile>
    <ClCompile Include="win32\ImeContext.cpp">
      <Filter>win32</Filter>
    </ClCompile>
    <ClCompile Include="drawing\drawing.cpp">
      <Filter>drawing</Filter>
    </ClCompile>
    <ClCompile Include="drawing\Shaper.cpp">
      <Filter>drawing</Filter>
    </ClCompile>
    <ClCompile Include="ui\controls\TextLine.cpp">
      <Filter>ui\controls</Filter>
    </ClCompile>
    <ClCompile Include="drawing\ColorFilter.cpp">
      <Filter>drawing</Filter>
    </ClCompile>
    <ClCompile Include="ui\Grid.cpp">
      <Filter>ui</Filter>
    </ClCompile>
    <ClCompile Include="ui\controls\Radio.cpp">
      <Filter>ui\controls</Filter>
    </ClCompile>
    <ClCompile Include="ui\base\Radio.cpp">
      <Filter>ui\base</Filter>
    </ClCompile>
    <ClCompile Include="ui\RadioGroup.cpp">
      <Filter>ui</Filter>
    </ClCompile>
    <ClCompile Include="ui\base\Check.cpp">
      <Filter>ui\base</Filter>
    </ClCompile>
    <ClCompile Include="ui\controls\Check.cpp">
      <Filter>ui\controls</Filter>
    </ClCompile>
    <ClCompile Include="ui\controls\Spacer.cpp">
      <Filter>ui\controls</Filter>
    </ClCompile>
    <ClCompile Include="win32\win32.cpp">
      <Filter>win32</Filter>
    </ClCompile>
    <ClCompile Include="ui\base\Button.cpp">
      <Filter>ui\base</Filter>
    </ClCompile>
  </ItemGroup>
  <ItemGroup>
    <ClInclude Include="stdafx.h" />
    <ClInclude Include="core\error.h">
      <Filter>core</Filter>
    </ClInclude>
    <ClInclude Include="core\logger.h">
      <Filter>core</Filter>
    </ClInclude>
    <ClInclude Include="core\path.h">
      <Filter>core</Filter>
    </ClInclude>
    <ClInclude Include="core\system.h">
      <Filter>core</Filter>
    </ClInclude>
    <ClInclude Include="core\string.h">
      <Filter>core</Filter>
    </ClInclude>
    <ClInclude Include="core\base64.h">
      <Filter>core</Filter>
    </ClInclude>
    <ClInclude Include="core\network\addr.h">
      <Filter>core\network</Filter>
    </ClInclude>
    <ClInclude Include="core\network\http.h">
      <Filter>core\network</Filter>
    </ClInclude>
    <ClInclude Include="core\network\socket.h">
      <Filter>core\network</Filter>
    </ClInclude>
    <ClInclude Include="core\io\buffer.h">
      <Filter>core\io</Filter>
    </ClInclude>
    <ClInclude Include="core\io\filestream.h">
      <Filter>core\io</Filter>
    </ClInclude>
    <ClInclude Include="core\io\stream.h">
      <Filter>core\io</Filter>
    </ClInclude>
    <ClInclude Include="drawing\image\image.h">
      <Filter>drawing\image</Filter>
    </ClInclude>
    <ClInclude Include="drawing\Graphics.h">
      <Filter>drawing</Filter>
    </ClInclude>
    <ClInclude Include="core\app.h">
      <Filter>core</Filter>
    </ClInclude>
    <ClInclude Include="core\color32.h">
      <Filter>core</Filter>
    </ClInclude>
    <ClInclude Include="core\object.h">
      <Filter>core</Filter>
    </ClInclude>
    <ClInclude Include="drawing\Image.h">
      <Filter>drawing</Filter>
    </ClInclude>
    <ClInclude Include="drawing\image\formats\bmp.h">
      <Filter>drawing\image\formats</Filter>
    </ClInclude>
    <ClInclude Include="drawing\image\formats\dds.h">
      <Filter>drawing\image\formats</Filter>
    </ClInclude>
    <ClInclude Include="drawing\image\formats\jpg.h">
      <Filter>drawing\image\formats</Filter>
    </ClInclude>
    <ClInclude Include="drawing\image\formats\png.h">
      <Filter>drawing\image\formats</Filter>
    </ClInclude>
    <ClInclude Include="drawing\image\formats\tga.h">
      <Filter>drawing\image\formats</Filter>
    </ClInclude>
    <ClInclude Include="core\align.h">
      <Filter>core</Filter>
    </ClInclude>
    <ClInclude Include="core\edge.h">
      <Filter>core</Filter>
    </ClInclude>
    <ClInclude Include="core\math.h">
      <Filter>core</Filter>
    </ClInclude>
    <ClInclude Include="core\vec2.h">
      <Filter>core</Filter>
    </ClInclude>
    <ClInclude Include="core\vec3.h">
      <Filter>core</Filter>
    </ClInclude>
    <ClInclude Include="core\vec4.h">
      <Filter>core</Filter>
    </ClInclude>
    <ClInclude Include="win32\win32.h">
      <Filter>win32</Filter>
    </ClInclude>
    <ClInclude Include="core\core.h">
      <Filter>core</Filter>
    </ClInclude>
    <ClInclude Include="core\counter_fps.h">
      <Filter>core</Filter>
    </ClInclude>
    <ClInclude Include="drawing\skia\SkShaper.h">
      <Filter>drawing\skia</Filter>
    </ClInclude>
    <ClInclude Include="drawing\Bitmap.h">
      <Filter>drawing</Filter>
    </ClInclude>
    <ClInclude Include="drawing\skia\skia.h">
      <Filter>drawing\skia</Filter>
    </ClInclude>
    <ClInclude Include="drawing\TextBlob.h">
      <Filter>drawing</Filter>
    </ClInclude>
    <ClInclude Include="drawing\font.h">
      <Filter>drawing</Filter>
    </ClInclude>
    <ClInclude Include="drawing\StringFormat.h">
      <Filter>drawing</Filter>
    </ClInclude>
    <ClInclude Include="drawing\PathStyle.h">
      <Filter>drawing</Filter>
    </ClInclude>
    <ClInclude Include="ui\Form.h">
      <Filter>ui</Filter>
    </ClInclude>
    <ClInclude Include="core\event.h">
      <Filter>core</Filter>
    </ClInclude>
    <ClInclude Include="ui\component\Component.h">
      <Filter>ui\component</Filter>
    </ClInclude>
    <ClInclude Include="core\float2.h">
      <Filter>core</Filter>
    </ClInclude>
    <ClInclude Include="core\float3.h">
      <Filter>core</Filter>
    </ClInclude>
    <ClInclude Include="core\float4.h">
      <Filter>core</Filter>
    </ClInclude>
    <ClInclude Include="core\float4x4.h">
      <Filter>core</Filter>
    </ClInclude>
    <ClInclude Include="core\quat4.h">
      <Filter>core</Filter>
    </ClInclude>
    <ClInclude Include="core\math\xm.h">
      <Filter>core\math</Filter>
    </ClInclude>
    <ClInclude Include="core\math\xmf.h">
      <Filter>core\math</Filter>
    </ClInclude>
    <ClInclude Include="core\math\xmi.h">
      <Filter>core\math</Filter>
    </ClInclude>
    <ClInclude Include="core\math\xmi_argb.h">
      <Filter>core\math</Filter>
    </ClInclude>
    <ClInclude Include="core\math\xmm.h">
      <Filter>core\math</Filter>
    </ClInclude>
    <ClInclude Include="ui\Control.h">
      <Filter>ui</Filter>
    </ClInclude>
    <ClInclude Include="core\unit.h">
      <Filter>core</Filter>
    </ClInclude>
    <ClInclude Include="ui\Container.h">
      <Filter>ui</Filter>
    </ClInclude>
    <ClInclude Include="core\float3x2.h">
      <Filter>core</Filter>
    </ClInclude>
    <ClInclude Include="drawing\Path.h">
      <Filter>drawing</Filter>
    </ClInclude>
    <ClInclude Include="core\utils.h">
      <Filter>core</Filter>
    </ClInclude>
    <ClInclude Include="ui\component\Window.h">
      <Filter>ui\component</Filter>
    </ClInclude>
    <ClInclude Include="win32\Window.h">
      <Filter>win32</Filter>
    </ClInclude>
    <ClInclude Include="ui\Desktop.h">
      <Filter>ui</Filter>
    </ClInclude>
    <ClInclude Include="core\attribute.h">
      <Filter>core</Filter>
    </ClInclude>
    <ClInclude Include="ui\component\Style.h">
      <Filter>ui\component</Filter>
    </ClInclude>
    <ClInclude Include="core\property.h">
      <Filter>core</Filter>
    </ClInclude>
    <ClInclude Include="drawing\Region.h">
      <Filter>drawing</Filter>
    </ClInclude>
    <ClInclude Include="core\timer.h">
      <Filter>core</Filter>
    </ClInclude>
    <ClInclude Include="core\datetime.h">
      <Filter>core</Filter>
    </ClInclude>
    <ClInclude Include="core\bitflag.h">
      <Filter>core</Filter>
    </ClInclude>
    <ClInclude Include="ui\controls\Button.h">
      <Filter>ui\controls</Filter>
    </ClInclude>
    <ClInclude Include="ui\controls\Image.h">
      <Filter>ui\controls</Filter>
    </ClInclude>
    <ClInclude Include="ui\controls\Text.h">
      <Filter>ui\controls</Filter>
    </ClInclude>
    <ClInclude Include="ui\controls\ScrollBar.h">
      <Filter>ui\controls</Filter>
    </ClInclude>
    <ClInclude Include="ui\Scene.h">
      <Filter>ui</Filter>
    </ClInclude>
    <ClInclude Include="win32\ImeContext.h">
      <Filter>win32</Filter>
    </ClInclude>
    <ClInclude Include="drawing\drawing.h">
      <Filter>drawing</Filter>
    </ClInclude>
    <ClInclude Include="core\block_ptr.h">
      <Filter>core</Filter>
    </ClInclude>
    <ClInclude Include="drawing\draw.h">
      <Filter>drawing</Filter>
    </ClInclude>
    <ClInclude Include="drawing\Shaper.h">
      <Filter>drawing</Filter>
    </ClInclude>
    <ClInclude Include="ui\controls\TextLine.h">
      <Filter>ui\controls</Filter>
    </ClInclude>
    <ClInclude Include="drawing\ColorFilter.h">
      <Filter>drawing</Filter>
    </ClInclude>
    <ClInclude Include="ui\UICommon.h">
      <Filter>ui</Filter>
    </ClInclude>
    <ClInclude Include="ui\Grid.h">
      <Filter>ui</Filter>
    </ClInclude>
    <ClInclude Include="ui\ui.h">
      <Filter>ui</Filter>
    </ClInclude>
    <ClInclude Include="ui\controls\Radio.h">
      <Filter>ui\controls</Filter>
    </ClInclude>
    <ClInclude Include="core\member_traits.h">
      <Filter>core</Filter>
    </ClInclude>
    <ClInclude Include="ui\base\Radio.h">
      <Filter>ui\base</Filter>
    </ClInclude>
    <ClInclude Include="ui\RadioGroup.h">
      <Filter>ui</Filter>
    </ClInclude>
    <ClInclude Include="ui\base\Check.h">
      <Filter>ui\base</Filter>
    </ClInclude>
    <ClInclude Include="ui\controls\Check.h">
      <Filter>ui\controls</Filter>
    </ClInclude>
    <ClInclude Include="ui\controls\Spacer.h">
      <Filter>ui\controls</Filter>
    </ClInclude>
    <ClInclude Include="ui\base\Button.h">
      <Filter>ui\base</Filter>
    </ClInclude>
  </ItemGroup>
  <ItemGroup>
    <Filter Include="core">
      <UniqueIdentifier>{e66dda2f-c3a6-461a-8a88-89379ad27427}</UniqueIdentifier>
    </Filter>
    <Filter Include="core\network">
      <UniqueIdentifier>{78b849b8-1f55-4870-a9f1-1786828a6c0f}</UniqueIdentifier>
    </Filter>
    <Filter Include="core\io">
      <UniqueIdentifier>{f04b9ca1-3ee7-48f3-b7da-66c8c1a693e2}</UniqueIdentifier>
    </Filter>
    <Filter Include="drawing">
      <UniqueIdentifier>{749c32a9-4ad8-41c4-ac68-4c8f72da806d}</UniqueIdentifier>
    </Filter>
    <Filter Include="drawing\image">
      <UniqueIdentifier>{7c7dde39-a045-4635-a52c-0af3676d3882}</UniqueIdentifier>
    </Filter>
    <Filter Include="core\math">
      <UniqueIdentifier>{cb6c943e-d954-4c9b-9492-3fdf01283f00}</UniqueIdentifier>
    </Filter>
    <Filter Include="drawing\image\formats">
      <UniqueIdentifier>{1212c281-62d5-4205-a647-d12b274a2777}</UniqueIdentifier>
    </Filter>
    <Filter Include="drawing\skia">
      <UniqueIdentifier>{24e94b74-1226-4644-ae9c-e92ef487af0b}</UniqueIdentifier>
    </Filter>
    <Filter Include="win32">
      <UniqueIdentifier>{a922c3df-cef3-4095-8e1e-894a73330830}</UniqueIdentifier>
    </Filter>
    <Filter Include="ui">
      <UniqueIdentifier>{5c640a45-f3a4-4380-aef9-51ddbb21efc7}</UniqueIdentifier>
    </Filter>
    <Filter Include="ui\component">
      <UniqueIdentifier>{ffef13bd-9f74-4212-a93e-6e015552c663}</UniqueIdentifier>
    </Filter>
    <Filter Include="utils">
      <UniqueIdentifier>{caf49446-0379-4ef1-b44e-e734eb5ec6e1}</UniqueIdentifier>
    </Filter>
    <Filter Include="ui\controls">
      <UniqueIdentifier>{c28c3689-fa5c-445e-bb2b-d129ff1168b6}</UniqueIdentifier>
    </Filter>
    <Filter Include="ui\base">
      <UniqueIdentifier>{b7e8d4dd-e310-4cb2-b5fa-99e52d17094f}</UniqueIdentifier>
    </Filter>
  </ItemGroup>
  <ItemGroup>
    <None Include="core\math\xmf_base.inl">
      <Filter>core\math</Filter>
    </None>
    <None Include="core\math\xmf_matr.inl">
      <Filter>core\math</Filter>
    </None>
    <None Include="core\math\xmf_quat.inl">
      <Filter>core\math</Filter>
    </None>
    <None Include="core\math\xmf_vec.inl">
      <Filter>core\math</Filter>
    </None>
  </ItemGroup>
</Project>