<?xml version="1.0" encoding="utf-8"?>
<Project ToolsVersion="4.0" xmlns="http://schemas.microsoft.com/developer/msbuild/2003">
  <ItemGroup>
    <ClCompile Include="stdafx.cpp" />
    <ClCompile Include="core\error.cpp">
      <Filter>core</Filter>
    </ClCompile>
    <ClCompile Include="core\logger.cpp">
      <Filter>core</Filter>
    </ClCompile>
    <ClCompile Include="core\system.cpp">
      <Filter>core</Filter>
    </ClCompile>
    <ClCompile Include="core\string.cpp">
      <Filter>core</Filter>
    </ClCompile>
    <ClCompile Include="core\network\addr.cpp">
      <Filter>core\network</Filter>
    </ClCompile>
    <ClCompile Include="core\network\http.cpp">
      <Filter>core\network</Filter>
    </ClCompile>
    <ClCompile Include="core\network\socket.cpp">
      <Filter>core\network</Filter>
    </ClCompile>
    <ClCompile Include="core\io\filestream.cpp">
      <Filter>core\io</Filter>
    </ClCompile>
    <ClCompile Include="graphics\image\image.cpp">
      <Filter>graphics\image</Filter>
    </ClCompile>
    <ClCompile Include="graphics\Graphics.cpp">
      <Filter>graphics</Filter>
    </ClCompile>
    <ClCompile Include="graphics\GraphicsService.cpp">
      <Filter>graphics</Filter>
    </ClCompile>
    <ClCompile Include="core\app.cpp">
      <Filter>core</Filter>
    </ClCompile>
    <ClCompile Include="graphics\Image.cpp">
      <Filter>graphics</Filter>
    </ClCompile>
    <ClCompile Include="graphics\image\formats\bmp.cpp">
      <Filter>graphics\image\formats</Filter>
    </ClCompile>
    <ClCompile Include="graphics\image\formats\dds.cpp">
      <Filter>graphics\image\formats</Filter>
    </ClCompile>
    <ClCompile Include="graphics\image\formats\jpg.cpp">
      <Filter>graphics\image\formats</Filter>
    </ClCompile>
    <ClCompile Include="graphics\image\formats\png.cpp">
      <Filter>graphics\image\formats</Filter>
    </ClCompile>
    <ClCompile Include="graphics\image\formats\tga.cpp">
      <Filter>graphics\image\formats</Filter>
    </ClCompile>
    <ClCompile Include="core\unicode.cpp">
      <Filter>core</Filter>
    </ClCompile>
    <ClCompile Include="core\math.cpp">
      <Filter>core</Filter>
    </ClCompile>
    <ClCompile Include="core\invokable.cpp">
      <Filter>core</Filter>
    </ClCompile>
    <ClCompile Include="core\core.cpp">
      <Filter>core</Filter>
    </ClCompile>
    <ClCompile Include="win32\windows.cpp">
      <Filter>win32</Filter>
    </ClCompile>
    <ClCompile Include="graphics\skia\SkShaper.cpp">
      <Filter>graphics\skia</Filter>
    </ClCompile>
    <ClCompile Include="graphics\Bitmap.cpp">
      <Filter>graphics</Filter>
    </ClCompile>
    <ClCompile Include="graphics\TextBlob.cpp">
      <Filter>graphics</Filter>
    </ClCompile>
    <ClCompile Include="graphics\font.cpp">
      <Filter>graphics</Filter>
    </ClCompile>
    <ClCompile Include="graphics\StringFormat.cpp">
      <Filter>graphics</Filter>
    </ClCompile>
    <ClCompile Include="graphics\PathStyle.cpp">
      <Filter>graphics</Filter>
    </ClCompile>
    <ClCompile Include="controls\Form.cpp">
      <Filter>controls</Filter>
    </ClCompile>
    <ClCompile Include="controls\component\Component.cpp">
      <Filter>controls\component</Filter>
    </ClCompile>
    <ClCompile Include="controls\component\Interactable.cpp">
      <Filter>controls\component</Filter>
    </ClCompile>
    <ClCompile Include="controls\component\Renderable.cpp">
      <Filter>controls\component</Filter>
    </ClCompile>
    <ClCompile Include="controls\component\Scene.cpp">
      <Filter>controls\component</Filter>
    </ClCompile>
    <ClCompile Include="controls\Image.cpp">
      <Filter>controls</Filter>
    </ClCompile>
    <ClCompile Include="controls\renderables\Rectangle.cpp">
      <Filter>controls\renderables</Filter>
    </ClCompile>
    <ClCompile Include="controls\renderables\Image.cpp">
      <Filter>controls\renderables</Filter>
    </ClCompile>
    <ClCompile Include="controls\component\Layout.cpp">
      <Filter>controls\component</Filter>
    </ClCompile>
    <ClCompile Include="core\float2.cpp">
      <Filter>core</Filter>
    </ClCompile>
    <ClCompile Include="core\float3.cpp">
      <Filter>core</Filter>
    </ClCompile>
    <ClCompile Include="core\float4.cpp">
      <Filter>core</Filter>
    </ClCompile>
    <ClCompile Include="core\float4x4.cpp">
      <Filter>core</Filter>
    </ClCompile>
    <ClCompile Include="core\quat4.cpp">
      <Filter>core</Filter>
    </ClCompile>
    <ClCompile Include="controls\Control.cpp">
      <Filter>controls</Filter>
    </ClCompile>
    <ClCompile Include="controls\View.cpp">
      <Filter>controls</Filter>
    </ClCompile>
    <ClCompile Include="controls\Container.cpp">
      <Filter>controls</Filter>
    </ClCompile>
    <ClCompile Include="controls\Text.cpp">
      <Filter>controls</Filter>
    </ClCompile>
    <ClCompile Include="controls\renderables\Text.cpp">
      <Filter>controls\renderables</Filter>
    </ClCompile>
    <ClCompile Include="controls\Button.cpp">
      <Filter>controls</Filter>
    </ClCompile>
    <ClCompile Include="controls\Element.cpp">
      <Filter>controls</Filter>
    </ClCompile>
    <ClCompile Include="controls\Row.cpp">
      <Filter>controls</Filter>
    </ClCompile>
    <ClCompile Include="core\float3x2.cpp">
      <Filter>core</Filter>
    </ClCompile>
    <ClCompile Include="graphics\Path.cpp">
      <Filter>graphics</Filter>
    </ClCompile>
    <ClCompile Include="controls\renderables\Path.cpp">
      <Filter>controls\renderables</Filter>
    </ClCompile>
    <ClCompile Include="controls\renderables\Shape.cpp">
      <Filter>controls\renderables</Filter>
    </ClCompile>
    <ClCompile Include="controls\renderables\Line.cpp">
      <Filter>controls\renderables</Filter>
    </ClCompile>
  </ItemGroup>
  <ItemGroup>
    <ClInclude Include="stdafx.h" />
    <ClInclude Include="core\error.h">
      <Filter>core</Filter>
    </ClInclude>
    <ClInclude Include="core\logger.h">
      <Filter>core</Filter>
    </ClInclude>
    <ClInclude Include="core\path.h">
      <Filter>core</Filter>
    </ClInclude>
    <ClInclude Include="core\system.h">
      <Filter>core</Filter>
    </ClInclude>
    <ClInclude Include="core\string.h">
      <Filter>core</Filter>
    </ClInclude>
    <ClInclude Include="core\base64.h">
      <Filter>core</Filter>
    </ClInclude>
    <ClInclude Include="core\network\addr.h">
      <Filter>core\network</Filter>
    </ClInclude>
    <ClInclude Include="core\network\http.h">
      <Filter>core\network</Filter>
    </ClInclude>
    <ClInclude Include="core\network\socket.h">
      <Filter>core\network</Filter>
    </ClInclude>
    <ClInclude Include="core\io\buffer.h">
      <Filter>core\io</Filter>
    </ClInclude>
    <ClInclude Include="core\io\filestream.h">
      <Filter>core\io</Filter>
    </ClInclude>
    <ClInclude Include="core\io\stream.h">
      <Filter>core\io</Filter>
    </ClInclude>
    <ClInclude Include="graphics\image\image.h">
      <Filter>graphics\image</Filter>
    </ClInclude>
    <ClInclude Include="graphics\Graphics.h">
      <Filter>graphics</Filter>
    </ClInclude>
    <ClInclude Include="graphics\GraphicsService.h">
      <Filter>graphics</Filter>
    </ClInclude>
    <ClInclude Include="core\app.h">
      <Filter>core</Filter>
    </ClInclude>
    <ClInclude Include="core\color32.h">
      <Filter>core</Filter>
    </ClInclude>
    <ClInclude Include="core\object.h">
      <Filter>core</Filter>
    </ClInclude>
    <ClInclude Include="graphics\Image.h">
      <Filter>graphics</Filter>
    </ClInclude>
    <ClInclude Include="graphics\image\formats\bmp.h">
      <Filter>graphics\image\formats</Filter>
    </ClInclude>
    <ClInclude Include="graphics\image\formats\dds.h">
      <Filter>graphics\image\formats</Filter>
    </ClInclude>
    <ClInclude Include="graphics\image\formats\jpg.h">
      <Filter>graphics\image\formats</Filter>
    </ClInclude>
    <ClInclude Include="graphics\image\formats\png.h">
      <Filter>graphics\image\formats</Filter>
    </ClInclude>
    <ClInclude Include="graphics\image\formats\tga.h">
      <Filter>graphics\image\formats</Filter>
    </ClInclude>
    <ClInclude Include="core\unicode.h">
      <Filter>core</Filter>
    </ClInclude>
    <ClInclude Include="core\align.h">
      <Filter>core</Filter>
    </ClInclude>
    <ClInclude Include="core\edge.h">
      <Filter>core</Filter>
    </ClInclude>
    <ClInclude Include="core\math.h">
      <Filter>core</Filter>
    </ClInclude>
    <ClInclude Include="core\vec2.h">
      <Filter>core</Filter>
    </ClInclude>
    <ClInclude Include="core\vec3.h">
      <Filter>core</Filter>
    </ClInclude>
    <ClInclude Include="core\vec4.h">
      <Filter>core</Filter>
    </ClInclude>
    <ClInclude Include="win32\windows.h">
      <Filter>win32</Filter>
    </ClInclude>
    <ClInclude Include="win32\win32.h">
      <Filter>win32</Filter>
    </ClInclude>
    <ClInclude Include="core\invokable.h">
      <Filter>core</Filter>
    </ClInclude>
    <ClInclude Include="core\core.h">
      <Filter>core</Filter>
    </ClInclude>
    <ClInclude Include="core\counter_fps.h">
      <Filter>core</Filter>
    </ClInclude>
    <ClInclude Include="graphics\skia\SkShaper.h">
      <Filter>graphics\skia</Filter>
    </ClInclude>
    <ClInclude Include="graphics\Bitmap.h">
      <Filter>graphics</Filter>
    </ClInclude>
    <ClInclude Include="graphics\skia\skia.h">
      <Filter>graphics\skia</Filter>
    </ClInclude>
    <ClInclude Include="graphics\TextBlob.h">
      <Filter>graphics</Filter>
    </ClInclude>
    <ClInclude Include="graphics\font.h">
      <Filter>graphics</Filter>
    </ClInclude>
    <ClInclude Include="graphics\StringFormat.h">
      <Filter>graphics</Filter>
    </ClInclude>
    <ClInclude Include="graphics\PathStyle.h">
      <Filter>graphics</Filter>
    </ClInclude>
    <ClInclude Include="controls\Form.h">
      <Filter>controls</Filter>
    </ClInclude>
    <ClInclude Include="core\event.h">
      <Filter>core</Filter>
    </ClInclude>
    <ClInclude Include="controls\component\Component.h">
      <Filter>controls\component</Filter>
    </ClInclude>
    <ClInclude Include="controls\component\Interactable.h">
      <Filter>controls\component</Filter>
    </ClInclude>
    <ClInclude Include="controls\component\Renderable.h">
      <Filter>controls\component</Filter>
    </ClInclude>
    <ClInclude Include="controls\component\Scene.h">
      <Filter>controls\component</Filter>
    </ClInclude>
    <ClInclude Include="controls\renderables\Rectangle.h">
      <Filter>controls\renderables</Filter>
    </ClInclude>
    <ClInclude Include="controls\renderables\Image.h">
      <Filter>controls\renderables</Filter>
    </ClInclude>
    <ClInclude Include="controls\Image.h">
      <Filter>controls</Filter>
    </ClInclude>
    <ClInclude Include="controls\component\Layout.h">
      <Filter>controls\component</Filter>
    </ClInclude>
    <ClInclude Include="core\float2.h">
      <Filter>core</Filter>
    </ClInclude>
    <ClInclude Include="core\float3.h">
      <Filter>core</Filter>
    </ClInclude>
    <ClInclude Include="core\float4.h">
      <Filter>core</Filter>
    </ClInclude>
    <ClInclude Include="core\float4x4.h">
      <Filter>core</Filter>
    </ClInclude>
    <ClInclude Include="core\quat4.h">
      <Filter>core</Filter>
    </ClInclude>
    <ClInclude Include="core\math\xm.h">
      <Filter>core\math</Filter>
    </ClInclude>
    <ClInclude Include="core\math\xmf.h">
      <Filter>core\math</Filter>
    </ClInclude>
    <ClInclude Include="core\math\xmi.h">
      <Filter>core\math</Filter>
    </ClInclude>
    <ClInclude Include="core\math\xmi_argb.h">
      <Filter>core\math</Filter>
    </ClInclude>
    <ClInclude Include="core\math\xmm.h">
      <Filter>core\math</Filter>
    </ClInclude>
    <ClInclude Include="controls\attribute.h">
      <Filter>controls</Filter>
    </ClInclude>
    <ClInclude Include="controls\Control.h">
      <Filter>controls</Filter>
    </ClInclude>
    <ClInclude Include="controls\View.h">
      <Filter>controls</Filter>
    </ClInclude>
    <ClInclude Include="core\unit.h">
      <Filter>core</Filter>
    </ClInclude>
    <ClInclude Include="controls\Container.h">
      <Filter>controls</Filter>
    </ClInclude>
    <ClInclude Include="controls\Text.h">
      <Filter>controls</Filter>
    </ClInclude>
    <ClInclude Include="controls\renderables\Text.h">
      <Filter>controls\renderables</Filter>
    </ClInclude>
    <ClInclude Include="controls\Button.h">
      <Filter>controls</Filter>
    </ClInclude>
    <ClInclude Include="controls\Element.h">
      <Filter>controls</Filter>
    </ClInclude>
    <ClInclude Include="controls\Row.h">
      <Filter>controls</Filter>
    </ClInclude>
    <ClInclude Include="core\float3x2.h">
      <Filter>core</Filter>
    </ClInclude>
    <ClInclude Include="graphics\Path.h">
      <Filter>graphics</Filter>
    </ClInclude>
    <ClInclude Include="controls\renderables\Path.h">
      <Filter>controls\renderables</Filter>
    </ClInclude>
    <ClInclude Include="core\utils.h">
      <Filter>core</Filter>
    </ClInclude>
    <ClInclude Include="controls\renderables\Shape.h">
      <Filter>controls\renderables</Filter>
    </ClInclude>
    <ClInclude Include="controls\renderables\Line.h">
      <Filter>controls\renderables</Filter>
    </ClInclude>
  </ItemGroup>
  <ItemGroup>
    <Filter Include="core">
      <UniqueIdentifier>{e66dda2f-c3a6-461a-8a88-89379ad27427}</UniqueIdentifier>
    </Filter>
    <Filter Include="core\network">
      <UniqueIdentifier>{78b849b8-1f55-4870-a9f1-1786828a6c0f}</UniqueIdentifier>
    </Filter>
    <Filter Include="core\io">
      <UniqueIdentifier>{f04b9ca1-3ee7-48f3-b7da-66c8c1a693e2}</UniqueIdentifier>
    </Filter>
    <Filter Include="graphics">
      <UniqueIdentifier>{749c32a9-4ad8-41c4-ac68-4c8f72da806d}</UniqueIdentifier>
    </Filter>
    <Filter Include="graphics\image">
      <UniqueIdentifier>{7c7dde39-a045-4635-a52c-0af3676d3882}</UniqueIdentifier>
    </Filter>
    <Filter Include="core\math">
      <UniqueIdentifier>{cb6c943e-d954-4c9b-9492-3fdf01283f00}</UniqueIdentifier>
    </Filter>
    <Filter Include="graphics\image\formats">
      <UniqueIdentifier>{1212c281-62d5-4205-a647-d12b274a2777}</UniqueIdentifier>
    </Filter>
    <Filter Include="graphics\skia">
      <UniqueIdentifier>{24e94b74-1226-4644-ae9c-e92ef487af0b}</UniqueIdentifier>
    </Filter>
    <Filter Include="win32">
      <UniqueIdentifier>{a922c3df-cef3-4095-8e1e-894a73330830}</UniqueIdentifier>
    </Filter>
    <Filter Include="controls">
      <UniqueIdentifier>{5c640a45-f3a4-4380-aef9-51ddbb21efc7}</UniqueIdentifier>
    </Filter>
    <Filter Include="controls\component">
      <UniqueIdentifier>{ffef13bd-9f74-4212-a93e-6e015552c663}</UniqueIdentifier>
    </Filter>
    <Filter Include="controls\renderables">
      <UniqueIdentifier>{0858b256-5a76-46f9-b474-872ead193a26}</UniqueIdentifier>
    </Filter>
    <Filter Include="samples">
      <UniqueIdentifier>{01a7303d-087f-42bc-9c03-b9a2c9ec3601}</UniqueIdentifier>
    </Filter>
  </ItemGroup>
  <ItemGroup>
    <None Include="core\math\xmf_base.inl">
      <Filter>core\math</Filter>
    </None>
    <None Include="core\math\xmf_matr.inl">
      <Filter>core\math</Filter>
    </None>
    <None Include="core\math\xmf_quat.inl">
      <Filter>core\math</Filter>
    </None>
    <None Include="core\math\xmf_vec.inl">
      <Filter>core\math</Filter>
    </None>
    <None Include="samples\layout.xml">
      <Filter>samples</Filter>
    </None>
  </ItemGroup>
</Project>