<?xml version="1.0" encoding="utf-8"?>
<Project ToolsVersion="4.0" xmlns="http://schemas.microsoft.com/developer/msbuild/2003">
  <ItemGroup>
    <ClCompile Include="stdafx.cpp" />
    <ClCompile Include="core\error.cpp">
      <Filter>core</Filter>
    </ClCompile>
    <ClCompile Include="core\logger.cpp">
      <Filter>core</Filter>
    </ClCompile>
    <ClCompile Include="core\system.cpp">
      <Filter>core</Filter>
    </ClCompile>
    <ClCompile Include="win32\windows.cpp">
      <Filter>win32</Filter>
    </ClCompile>
    <ClCompile Include="core\string.cpp">
      <Filter>core</Filter>
    </ClCompile>
    <ClCompile Include="core\network\addr.cpp">
      <Filter>core\network</Filter>
    </ClCompile>
    <ClCompile Include="core\network\http.cpp">
      <Filter>core\network</Filter>
    </ClCompile>
    <ClCompile Include="core\network\socket.cpp">
      <Filter>core\network</Filter>
    </ClCompile>
    <ClCompile Include="core\io\filestream.cpp">
      <Filter>core\io</Filter>
    </ClCompile>
    <ClCompile Include="graphics\image\image.cpp">
      <Filter>graphics\image</Filter>
    </ClCompile>
    <ClCompile Include="core\core.cpp">
      <Filter>core</Filter>
    </ClCompile>
    <ClCompile Include="graphics\Graphics.cpp">
      <Filter>graphics</Filter>
    </ClCompile>
    <ClCompile Include="graphics\Pixmap.cpp">
      <Filter>graphics</Filter>
    </ClCompile>
    <ClCompile Include="core\math\xmm\float2.cpp">
      <Filter>core\math\xmm</Filter>
    </ClCompile>
    <ClCompile Include="core\math\xmm\float3.cpp">
      <Filter>core\math\xmm</Filter>
    </ClCompile>
    <ClCompile Include="core\math\xmm\float4.cpp">
      <Filter>core\math\xmm</Filter>
    </ClCompile>
    <ClCompile Include="core\math\xmm\float4x4.cpp">
      <Filter>core\math\xmm</Filter>
    </ClCompile>
    <ClCompile Include="core\math\xmm\quat4.cpp">
      <Filter>core\math\xmm</Filter>
    </ClCompile>
    <ClCompile Include="core\math\math.cpp">
      <Filter>core\math</Filter>
    </ClCompile>
    <ClCompile Include="graphics\GraphicsService.cpp">
      <Filter>graphics</Filter>
    </ClCompile>
    <ClCompile Include="core\app.cpp">
      <Filter>core</Filter>
    </ClCompile>
    <ClCompile Include="main\main.cpp">
      <Filter>main</Filter>
    </ClCompile>
    <ClCompile Include="win32\Bitmap.cpp">
      <Filter>win32</Filter>
    </ClCompile>
    <ClCompile Include="win32\Graphics.cpp">
      <Filter>win32</Filter>
    </ClCompile>
    <ClCompile Include="win32\GDIObjectCache.cpp">
      <Filter>win32</Filter>
    </ClCompile>
    <ClCompile Include="graphics\Image.cpp">
      <Filter>graphics</Filter>
    </ClCompile>
    <ClCompile Include="win32\GraphicsService.cpp">
      <Filter>win32</Filter>
    </ClCompile>
    <ClCompile Include="win32\Win32App.cpp">
      <Filter>win32</Filter>
    </ClCompile>
    <ClCompile Include="win32\uniscribe\UspInc.cpp">
      <Filter>win32\uniscribe</Filter>
    </ClCompile>
    <ClCompile Include="win32\com_ptr.cpp">
      <Filter>win32</Filter>
    </ClCompile>
    <ClCompile Include="win32\dll.cpp">
      <Filter>win32</Filter>
    </ClCompile>
    <ClCompile Include="win32\uniscribe\CTextLayoutUsp.cpp">
      <Filter>win32\uniscribe</Filter>
    </ClCompile>
    <ClCompile Include="win32\uniscribe\CUspFactory.cpp">
      <Filter>win32\uniscribe</Filter>
    </ClCompile>
    <ClCompile Include="graphics\raster\agg\agg_arc.cpp">
      <Filter>graphics\raster\agg</Filter>
    </ClCompile>
    <ClCompile Include="graphics\raster\agg\agg_arrowhead.cpp">
      <Filter>graphics\raster\agg</Filter>
    </ClCompile>
    <ClCompile Include="graphics\raster\agg\agg_bezier_arc.cpp">
      <Filter>graphics\raster\agg</Filter>
    </ClCompile>
    <ClCompile Include="graphics\raster\agg\agg_bspline.cpp">
      <Filter>graphics\raster\agg</Filter>
    </ClCompile>
    <ClCompile Include="graphics\raster\agg\agg_curves.cpp">
      <Filter>graphics\raster\agg</Filter>
    </ClCompile>
    <ClCompile Include="graphics\raster\agg\agg_embedded_raster_fonts.cpp">
      <Filter>graphics\raster\agg</Filter>
    </ClCompile>
    <ClCompile Include="graphics\raster\agg\agg_gsv_text.cpp">
      <Filter>graphics\raster\agg</Filter>
    </ClCompile>
    <ClCompile Include="graphics\raster\agg\agg_image_filters.cpp">
      <Filter>graphics\raster\agg</Filter>
    </ClCompile>
    <ClCompile Include="graphics\raster\agg\agg_line_aa_basics.cpp">
      <Filter>graphics\raster\agg</Filter>
    </ClCompile>
    <ClCompile Include="graphics\raster\agg\agg_line_profile_aa.cpp">
      <Filter>graphics\raster\agg</Filter>
    </ClCompile>
    <ClCompile Include="graphics\raster\agg\agg_rounded_rect.cpp">
      <Filter>graphics\raster\agg</Filter>
    </ClCompile>
    <ClCompile Include="graphics\raster\agg\agg_sqrt_tables.cpp">
      <Filter>graphics\raster\agg</Filter>
    </ClCompile>
    <ClCompile Include="graphics\raster\agg\agg_trans_affine.cpp">
      <Filter>graphics\raster\agg</Filter>
    </ClCompile>
    <ClCompile Include="graphics\raster\agg\agg_trans_double_path.cpp">
      <Filter>graphics\raster\agg</Filter>
    </ClCompile>
    <ClCompile Include="graphics\raster\agg\agg_trans_single_path.cpp">
      <Filter>graphics\raster\agg</Filter>
    </ClCompile>
    <ClCompile Include="graphics\raster\agg\agg_trans_warp_magnifier.cpp">
      <Filter>graphics\raster\agg</Filter>
    </ClCompile>
    <ClCompile Include="graphics\raster\agg\agg_vcgen_bspline.cpp">
      <Filter>graphics\raster\agg</Filter>
    </ClCompile>
    <ClCompile Include="graphics\raster\agg\agg_vcgen_contour.cpp">
      <Filter>graphics\raster\agg</Filter>
    </ClCompile>
    <ClCompile Include="graphics\raster\agg\agg_vcgen_dash.cpp">
      <Filter>graphics\raster\agg</Filter>
    </ClCompile>
    <ClCompile Include="graphics\raster\agg\agg_vcgen_markers_term.cpp">
      <Filter>graphics\raster\agg</Filter>
    </ClCompile>
    <ClCompile Include="graphics\raster\agg\agg_vcgen_smooth_poly1.cpp">
      <Filter>graphics\raster\agg</Filter>
    </ClCompile>
    <ClCompile Include="graphics\raster\agg\agg_vcgen_stroke.cpp">
      <Filter>graphics\raster\agg</Filter>
    </ClCompile>
    <ClCompile Include="graphics\raster\agg\agg_vpgen_clip_polygon.cpp">
      <Filter>graphics\raster\agg</Filter>
    </ClCompile>
    <ClCompile Include="graphics\raster\agg\agg_vpgen_clip_polyline.cpp">
      <Filter>graphics\raster\agg</Filter>
    </ClCompile>
    <ClCompile Include="graphics\raster\agg\agg_vpgen_segmentator.cpp">
      <Filter>graphics\raster\agg</Filter>
    </ClCompile>
    <ClCompile Include="graphics\image\formats\bmp.cpp">
      <Filter>graphics\image\formats</Filter>
    </ClCompile>
    <ClCompile Include="graphics\image\formats\dds.cpp">
      <Filter>graphics\image\formats</Filter>
    </ClCompile>
    <ClCompile Include="graphics\image\formats\jpg.cpp">
      <Filter>graphics\image\formats</Filter>
    </ClCompile>
    <ClCompile Include="graphics\image\formats\png.cpp">
      <Filter>graphics\image\formats</Filter>
    </ClCompile>
    <ClCompile Include="graphics\image\formats\tga.cpp">
      <Filter>graphics\image\formats</Filter>
    </ClCompile>
  </ItemGroup>
  <ItemGroup>
    <ClInclude Include="stdafx.h" />
    <ClInclude Include="core\error.h">
      <Filter>core</Filter>
    </ClInclude>
    <ClInclude Include="core\logger.h">
      <Filter>core</Filter>
    </ClInclude>
    <ClInclude Include="core\path.h">
      <Filter>core</Filter>
    </ClInclude>
    <ClInclude Include="core\system.h">
      <Filter>core</Filter>
    </ClInclude>
    <ClInclude Include="win32\windows.h">
      <Filter>win32</Filter>
    </ClInclude>
    <ClInclude Include="core\string.h">
      <Filter>core</Filter>
    </ClInclude>
    <ClInclude Include="core\base64.h">
      <Filter>core</Filter>
    </ClInclude>
    <ClInclude Include="core\network\addr.h">
      <Filter>core\network</Filter>
    </ClInclude>
    <ClInclude Include="core\network\http.h">
      <Filter>core\network</Filter>
    </ClInclude>
    <ClInclude Include="core\network\socket.h">
      <Filter>core\network</Filter>
    </ClInclude>
    <ClInclude Include="core\io\buffer.h">
      <Filter>core\io</Filter>
    </ClInclude>
    <ClInclude Include="core\io\filestream.h">
      <Filter>core\io</Filter>
    </ClInclude>
    <ClInclude Include="core\io\stream.h">
      <Filter>core\io</Filter>
    </ClInclude>
    <ClInclude Include="graphics\image\image.h">
      <Filter>graphics\image</Filter>
    </ClInclude>
    <ClInclude Include="core\core.h">
      <Filter>core</Filter>
    </ClInclude>
    <ClInclude Include="graphics\Graphics.h">
      <Filter>graphics</Filter>
    </ClInclude>
    <ClInclude Include="graphics\Pixmap.h">
      <Filter>graphics</Filter>
    </ClInclude>
    <ClInclude Include="core\math\align.h">
      <Filter>core\math</Filter>
    </ClInclude>
    <ClInclude Include="core\math\edge.h">
      <Filter>core\math</Filter>
    </ClInclude>
    <ClInclude Include="core\math\rect.h">
      <Filter>core\math</Filter>
    </ClInclude>
    <ClInclude Include="core\math\vec2.h">
      <Filter>core\math</Filter>
    </ClInclude>
    <ClInclude Include="core\math\vec3.h">
      <Filter>core\math</Filter>
    </ClInclude>
    <ClInclude Include="core\math\vec4.h">
      <Filter>core\math</Filter>
    </ClInclude>
    <ClInclude Include="core\math\xmm\float2.h">
      <Filter>core\math\xmm</Filter>
    </ClInclude>
    <ClInclude Include="core\math\xmm\float3.h">
      <Filter>core\math\xmm</Filter>
    </ClInclude>
    <ClInclude Include="core\math\xmm\float4.h">
      <Filter>core\math\xmm</Filter>
    </ClInclude>
    <ClInclude Include="core\math\xmm\float4x4.h">
      <Filter>core\math\xmm</Filter>
    </ClInclude>
    <ClInclude Include="core\math\xmm\quat4.h">
      <Filter>core\math\xmm</Filter>
    </ClInclude>
    <ClInclude Include="core\math\xmm\xm\xm.h">
      <Filter>core\math\xmm\xm</Filter>
    </ClInclude>
    <ClInclude Include="core\math\xmm\xm\xmf.h">
      <Filter>core\math\xmm\xm</Filter>
    </ClInclude>
    <ClInclude Include="core\math\xmm\xm\xmi.h">
      <Filter>core\math\xmm\xm</Filter>
    </ClInclude>
    <ClInclude Include="core\math\xmm\xm\xmi_argb.h">
      <Filter>core\math\xmm\xm</Filter>
    </ClInclude>
    <ClInclude Include="core\math\math.h">
      <Filter>core\math</Filter>
    </ClInclude>
    <ClInclude Include="graphics\GraphicsService.h">
      <Filter>graphics</Filter>
    </ClInclude>
    <ClInclude Include="core\app.h">
      <Filter>core</Filter>
    </ClInclude>
    <ClInclude Include="win32\Bitmap.h">
      <Filter>win32</Filter>
    </ClInclude>
    <ClInclude Include="core\color32.h">
      <Filter>core</Filter>
    </ClInclude>
    <ClInclude Include="core\object.h">
      <Filter>core</Filter>
    </ClInclude>
    <ClInclude Include="core\math\xmm\xmm.h">
      <Filter>core\math\xmm</Filter>
    </ClInclude>
    <ClInclude Include="win32\Graphics.h">
      <Filter>win32</Filter>
    </ClInclude>
    <ClInclude Include="win32\GDIObjectCache.h">
      <Filter>win32</Filter>
    </ClInclude>
    <ClInclude Include="graphics\Image.h">
      <Filter>graphics</Filter>
    </ClInclude>
    <ClInclude Include="win32\GraphicsService.h">
      <Filter>win32</Filter>
    </ClInclude>
    <ClInclude Include="win32\Win32App.h">
      <Filter>win32</Filter>
    </ClInclude>
    <ClInclude Include="win32\win32.h">
      <Filter>win32</Filter>
    </ClInclude>
    <ClInclude Include="win32\uniscribe\UspInc.h">
      <Filter>win32\uniscribe</Filter>
    </ClInclude>
    <ClInclude Include="win32\com_ptr.h">
      <Filter>win32</Filter>
    </ClInclude>
    <ClInclude Include="win32\dll.h">
      <Filter>win32</Filter>
    </ClInclude>
    <ClInclude Include="win32\uniscribe\CTextLayoutUsp.h">
      <Filter>win32\uniscribe</Filter>
    </ClInclude>
    <ClInclude Include="win32\uniscribe\CUspFactory.h">
      <Filter>win32\uniscribe</Filter>
    </ClInclude>
    <ClInclude Include="graphics\text\text.h">
      <Filter>graphics\text</Filter>
    </ClInclude>
    <ClInclude Include="graphics\text\font.h">
      <Filter>graphics\text</Filter>
    </ClInclude>
    <ClInclude Include="graphics\raster\agg\util\agg_color_conv.h">
      <Filter>graphics\raster\agg\util</Filter>
    </ClInclude>
    <ClInclude Include="graphics\raster\agg\util\agg_color_conv_rgb8.h">
      <Filter>graphics\raster\agg\util</Filter>
    </ClInclude>
    <ClInclude Include="graphics\raster\agg\util\agg_color_conv_rgb16.h">
      <Filter>graphics\raster\agg\util</Filter>
    </ClInclude>
    <ClInclude Include="graphics\raster\agg\agg_alpha_mask_u8.h">
      <Filter>graphics\raster\agg</Filter>
    </ClInclude>
    <ClInclude Include="graphics\raster\agg\agg_arc.h">
      <Filter>graphics\raster\agg</Filter>
    </ClInclude>
    <ClInclude Include="graphics\raster\agg\agg_array.h">
      <Filter>graphics\raster\agg</Filter>
    </ClInclude>
    <ClInclude Include="graphics\raster\agg\agg_arrowhead.h">
      <Filter>graphics\raster\agg</Filter>
    </ClInclude>
    <ClInclude Include="graphics\raster\agg\agg_basics.h">
      <Filter>graphics\raster\agg</Filter>
    </ClInclude>
    <ClInclude Include="graphics\raster\agg\agg_bezier_arc.h">
      <Filter>graphics\raster\agg</Filter>
    </ClInclude>
    <ClInclude Include="graphics\raster\agg\agg_bitset_iterator.h">
      <Filter>graphics\raster\agg</Filter>
    </ClInclude>
    <ClInclude Include="graphics\raster\agg\agg_blur.h">
      <Filter>graphics\raster\agg</Filter>
    </ClInclude>
    <ClInclude Include="graphics\raster\agg\agg_bounding_rect.h">
      <Filter>graphics\raster\agg</Filter>
    </ClInclude>
    <ClInclude Include="graphics\raster\agg\agg_bspline.h">
      <Filter>graphics\raster\agg</Filter>
    </ClInclude>
    <ClInclude Include="graphics\raster\agg\agg_clip_liang_barsky.h">
      <Filter>graphics\raster\agg</Filter>
    </ClInclude>
    <ClInclude Include="graphics\raster\agg\agg_color_gray.h">
      <Filter>graphics\raster\agg</Filter>
    </ClInclude>
    <ClInclude Include="graphics\raster\agg\agg_color_rgba.h">
      <Filter>graphics\raster\agg</Filter>
    </ClInclude>
    <ClInclude Include="graphics\raster\agg\agg_config.h">
      <Filter>graphics\raster\agg</Filter>
    </ClInclude>
    <ClInclude Include="graphics\raster\agg\agg_conv_adaptor_vcgen.h">
      <Filter>graphics\raster\agg</Filter>
    </ClInclude>
    <ClInclude Include="graphics\raster\agg\agg_conv_adaptor_vpgen.h">
      <Filter>graphics\raster\agg</Filter>
    </ClInclude>
    <ClInclude Include="graphics\raster\agg\agg_conv_bspline.h">
      <Filter>graphics\raster\agg</Filter>
    </ClInclude>
    <ClInclude Include="graphics\raster\agg\agg_conv_clip_polygon.h">
      <Filter>graphics\raster\agg</Filter>
    </ClInclude>
    <ClInclude Include="graphics\raster\agg\agg_conv_clip_polyline.h">
      <Filter>graphics\raster\agg</Filter>
    </ClInclude>
    <ClInclude Include="graphics\raster\agg\agg_conv_close_polygon.h">
      <Filter>graphics\raster\agg</Filter>
    </ClInclude>
    <ClInclude Include="graphics\raster\agg\agg_conv_concat.h">
      <Filter>graphics\raster\agg</Filter>
    </ClInclude>
    <ClInclude Include="graphics\raster\agg\agg_conv_contour.h">
      <Filter>graphics\raster\agg</Filter>
    </ClInclude>
    <ClInclude Include="graphics\raster\agg\agg_conv_curve.h">
      <Filter>graphics\raster\agg</Filter>
    </ClInclude>
    <ClInclude Include="graphics\raster\agg\agg_conv_dash.h">
      <Filter>graphics\raster\agg</Filter>
    </ClInclude>
    <ClInclude Include="graphics\raster\agg\agg_conv_gpc.h">
      <Filter>graphics\raster\agg</Filter>
    </ClInclude>
    <ClInclude Include="graphics\raster\agg\agg_conv_marker.h">
      <Filter>graphics\raster\agg</Filter>
    </ClInclude>
    <ClInclude Include="graphics\raster\agg\agg_conv_marker_adaptor.h">
      <Filter>graphics\raster\agg</Filter>
    </ClInclude>
    <ClInclude Include="graphics\raster\agg\agg_conv_segmentator.h">
      <Filter>graphics\raster\agg</Filter>
    </ClInclude>
    <ClInclude Include="graphics\raster\agg\agg_conv_shorten_path.h">
      <Filter>graphics\raster\agg</Filter>
    </ClInclude>
    <ClInclude Include="graphics\raster\agg\agg_conv_smooth_poly1.h">
      <Filter>graphics\raster\agg</Filter>
    </ClInclude>
    <ClInclude Include="graphics\raster\agg\agg_conv_stroke.h">
      <Filter>graphics\raster\agg</Filter>
    </ClInclude>
    <ClInclude Include="graphics\raster\agg\agg_conv_transform.h">
      <Filter>graphics\raster\agg</Filter>
    </ClInclude>
    <ClInclude Include="graphics\raster\agg\agg_conv_unclose_polygon.h">
      <Filter>graphics\raster\agg</Filter>
    </ClInclude>
    <ClInclude Include="graphics\raster\agg\agg_curves.h">
      <Filter>graphics\raster\agg</Filter>
    </ClInclude>
    <ClInclude Include="graphics\raster\agg\agg_dda_line.h">
      <Filter>graphics\raster\agg</Filter>
    </ClInclude>
    <ClInclude Include="graphics\raster\agg\agg_ellipse.h">
      <Filter>graphics\raster\agg</Filter>
    </ClInclude>
    <ClInclude Include="graphics\raster\agg\agg_ellipse_bresenham.h">
      <Filter>graphics\raster\agg</Filter>
    </ClInclude>
    <ClInclude Include="graphics\raster\agg\agg_embedded_raster_fonts.h">
      <Filter>graphics\raster\agg</Filter>
    </ClInclude>
    <ClInclude Include="graphics\raster\agg\agg_font_cache_manager.h">
      <Filter>graphics\raster\agg</Filter>
    </ClInclude>
    <ClInclude Include="graphics\raster\agg\agg_gamma_functions.h">
      <Filter>graphics\raster\agg</Filter>
    </ClInclude>
    <ClInclude Include="graphics\raster\agg\agg_gamma_lut.h">
      <Filter>graphics\raster\agg</Filter>
    </ClInclude>
    <ClInclude Include="graphics\raster\agg\agg_glyph_raster_bin.h">
      <Filter>graphics\raster\agg</Filter>
    </ClInclude>
    <ClInclude Include="graphics\raster\agg\agg_gradient_lut.h">
      <Filter>graphics\raster\agg</Filter>
    </ClInclude>
    <ClInclude Include="graphics\raster\agg\agg_gsv_text.h">
      <Filter>graphics\raster\agg</Filter>
    </ClInclude>
    <ClInclude Include="graphics\raster\agg\agg_image_accessors.h">
      <Filter>graphics\raster\agg</Filter>
    </ClInclude>
    <ClInclude Include="graphics\raster\agg\agg_image_filters.h">
      <Filter>graphics\raster\agg</Filter>
    </ClInclude>
    <ClInclude Include="graphics\raster\agg\agg_line_aa_basics.h">
      <Filter>graphics\raster\agg</Filter>
    </ClInclude>
    <ClInclude Include="graphics\raster\agg\agg_math.h">
      <Filter>graphics\raster\agg</Filter>
    </ClInclude>
    <ClInclude Include="graphics\raster\agg\agg_math_stroke.h">
      <Filter>graphics\raster\agg</Filter>
    </ClInclude>
    <ClInclude Include="graphics\raster\agg\agg_path_length.h">
      <Filter>graphics\raster\agg</Filter>
    </ClInclude>
    <ClInclude Include="graphics\raster\agg\agg_path_storage.h">
      <Filter>graphics\raster\agg</Filter>
    </ClInclude>
    <ClInclude Include="graphics\raster\agg\agg_path_storage_integer.h">
      <Filter>graphics\raster\agg</Filter>
    </ClInclude>
    <ClInclude Include="graphics\raster\agg\agg_pattern_filters_rgba.h">
      <Filter>graphics\raster\agg</Filter>
    </ClInclude>
    <ClInclude Include="graphics\raster\agg\agg_pixfmt_amask_adaptor.h">
      <Filter>graphics\raster\agg</Filter>
    </ClInclude>
    <ClInclude Include="graphics\raster\agg\agg_pixfmt_gray.h">
      <Filter>graphics\raster\agg</Filter>
    </ClInclude>
    <ClInclude Include="graphics\raster\agg\agg_pixfmt_rgb.h">
      <Filter>graphics\raster\agg</Filter>
    </ClInclude>
    <ClInclude Include="graphics\raster\agg\agg_pixfmt_rgb_packed.h">
      <Filter>graphics\raster\agg</Filter>
    </ClInclude>
    <ClInclude Include="graphics\raster\agg\agg_pixfmt_rgba.h">
      <Filter>graphics\raster\agg</Filter>
    </ClInclude>
    <ClInclude Include="graphics\raster\agg\agg_pixfmt_transposer.h">
      <Filter>graphics\raster\agg</Filter>
    </ClInclude>
    <ClInclude Include="graphics\raster\agg\agg_rasterizer_cells_aa.h">
      <Filter>graphics\raster\agg</Filter>
    </ClInclude>
    <ClInclude Include="graphics\raster\agg\agg_rasterizer_compound_aa.h">
      <Filter>graphics\raster\agg</Filter>
    </ClInclude>
    <ClInclude Include="graphics\raster\agg\agg_rasterizer_outline.h">
      <Filter>graphics\raster\agg</Filter>
    </ClInclude>
    <ClInclude Include="graphics\raster\agg\agg_rasterizer_outline_aa.h">
      <Filter>graphics\raster\agg</Filter>
    </ClInclude>
    <ClInclude Include="graphics\raster\agg\agg_rasterizer_scanline_aa.h">
      <Filter>graphics\raster\agg</Filter>
    </ClInclude>
    <ClInclude Include="graphics\raster\agg\agg_rasterizer_sl_clip.h">
      <Filter>graphics\raster\agg</Filter>
    </ClInclude>
    <ClInclude Include="graphics\raster\agg\agg_renderer_base.h">
      <Filter>graphics\raster\agg</Filter>
    </ClInclude>
    <ClInclude Include="graphics\raster\agg\agg_renderer_markers.h">
      <Filter>graphics\raster\agg</Filter>
    </ClInclude>
    <ClInclude Include="graphics\raster\agg\agg_renderer_mclip.h">
      <Filter>graphics\raster\agg</Filter>
    </ClInclude>
    <ClInclude Include="graphics\raster\agg\agg_renderer_outline_aa.h">
      <Filter>graphics\raster\agg</Filter>
    </ClInclude>
    <ClInclude Include="graphics\raster\agg\agg_renderer_outline_image.h">
      <Filter>graphics\raster\agg</Filter>
    </ClInclude>
    <ClInclude Include="graphics\raster\agg\agg_renderer_primitives.h">
      <Filter>graphics\raster\agg</Filter>
    </ClInclude>
    <ClInclude Include="graphics\raster\agg\agg_renderer_raster_text.h">
      <Filter>graphics\raster\agg</Filter>
    </ClInclude>
    <ClInclude Include="graphics\raster\agg\agg_renderer_scanline.h">
      <Filter>graphics\raster\agg</Filter>
    </ClInclude>
    <ClInclude Include="graphics\raster\agg\agg_rendering_buffer.h">
      <Filter>graphics\raster\agg</Filter>
    </ClInclude>
    <ClInclude Include="graphics\raster\agg\agg_rendering_buffer_dynarow.h">
      <Filter>graphics\raster\agg</Filter>
    </ClInclude>
    <ClInclude Include="graphics\raster\agg\agg_rounded_rect.h">
      <Filter>graphics\raster\agg</Filter>
    </ClInclude>
    <ClInclude Include="graphics\raster\agg\agg_scanline_bin.h">
      <Filter>graphics\raster\agg</Filter>
    </ClInclude>
    <ClInclude Include="graphics\raster\agg\agg_scanline_boolean_algebra.h">
      <Filter>graphics\raster\agg</Filter>
    </ClInclude>
    <ClInclude Include="graphics\raster\agg\agg_scanline_p.h">
      <Filter>graphics\raster\agg</Filter>
    </ClInclude>
    <ClInclude Include="graphics\raster\agg\agg_scanline_storage_aa.h">
      <Filter>graphics\raster\agg</Filter>
    </ClInclude>
    <ClInclude Include="graphics\raster\agg\agg_scanline_storage_bin.h">
      <Filter>graphics\raster\agg</Filter>
    </ClInclude>
    <ClInclude Include="graphics\raster\agg\agg_scanline_u.h">
      <Filter>graphics\raster\agg</Filter>
    </ClInclude>
    <ClInclude Include="graphics\raster\agg\agg_shorten_path.h">
      <Filter>graphics\raster\agg</Filter>
    </ClInclude>
    <ClInclude Include="graphics\raster\agg\agg_simul_eq.h">
      <Filter>graphics\raster\agg</Filter>
    </ClInclude>
    <ClInclude Include="graphics\raster\agg\agg_span_allocator.h">
      <Filter>graphics\raster\agg</Filter>
    </ClInclude>
    <ClInclude Include="graphics\raster\agg\agg_span_converter.h">
      <Filter>graphics\raster\agg</Filter>
    </ClInclude>
    <ClInclude Include="graphics\raster\agg\agg_span_gouraud.h">
      <Filter>graphics\raster\agg</Filter>
    </ClInclude>
    <ClInclude Include="graphics\raster\agg\agg_span_gouraud_gray.h">
      <Filter>graphics\raster\agg</Filter>
    </ClInclude>
    <ClInclude Include="graphics\raster\agg\agg_span_gouraud_rgba.h">
      <Filter>graphics\raster\agg</Filter>
    </ClInclude>
    <ClInclude Include="graphics\raster\agg\agg_span_gradient.h">
      <Filter>graphics\raster\agg</Filter>
    </ClInclude>
    <ClInclude Include="graphics\raster\agg\agg_span_gradient_alpha.h">
      <Filter>graphics\raster\agg</Filter>
    </ClInclude>
    <ClInclude Include="graphics\raster\agg\agg_span_image_filter.h">
      <Filter>graphics\raster\agg</Filter>
    </ClInclude>
    <ClInclude Include="graphics\raster\agg\agg_span_image_filter_gray.h">
      <Filter>graphics\raster\agg</Filter>
    </ClInclude>
    <ClInclude Include="graphics\raster\agg\agg_span_image_filter_rgb.h">
      <Filter>graphics\raster\agg</Filter>
    </ClInclude>
    <ClInclude Include="graphics\raster\agg\agg_span_image_filter_rgba.h">
      <Filter>graphics\raster\agg</Filter>
    </ClInclude>
    <ClInclude Include="graphics\raster\agg\agg_span_interpolator_adaptor.h">
      <Filter>graphics\raster\agg</Filter>
    </ClInclude>
    <ClInclude Include="graphics\raster\agg\agg_span_interpolator_linear.h">
      <Filter>graphics\raster\agg</Filter>
    </ClInclude>
    <ClInclude Include="graphics\raster\agg\agg_span_interpolator_persp.h">
      <Filter>graphics\raster\agg</Filter>
    </ClInclude>
    <ClInclude Include="graphics\raster\agg\agg_span_interpolator_trans.h">
      <Filter>graphics\raster\agg</Filter>
    </ClInclude>
    <ClInclude Include="graphics\raster\agg\agg_span_pattern_gray.h">
      <Filter>graphics\raster\agg</Filter>
    </ClInclude>
    <ClInclude Include="graphics\raster\agg\agg_span_pattern_rgb.h">
      <Filter>graphics\raster\agg</Filter>
    </ClInclude>
    <ClInclude Include="graphics\raster\agg\agg_span_pattern_rgba.h">
      <Filter>graphics\raster\agg</Filter>
    </ClInclude>
    <ClInclude Include="graphics\raster\agg\agg_span_solid.h">
      <Filter>graphics\raster\agg</Filter>
    </ClInclude>
    <ClInclude Include="graphics\raster\agg\agg_span_subdiv_adaptor.h">
      <Filter>graphics\raster\agg</Filter>
    </ClInclude>
    <ClInclude Include="graphics\raster\agg\agg_trans_affine.h">
      <Filter>graphics\raster\agg</Filter>
    </ClInclude>
    <ClInclude Include="graphics\raster\agg\agg_trans_bilinear.h">
      <Filter>graphics\raster\agg</Filter>
    </ClInclude>
    <ClInclude Include="graphics\raster\agg\agg_trans_double_path.h">
      <Filter>graphics\raster\agg</Filter>
    </ClInclude>
    <ClInclude Include="graphics\raster\agg\agg_trans_perspective.h">
      <Filter>graphics\raster\agg</Filter>
    </ClInclude>
    <ClInclude Include="graphics\raster\agg\agg_trans_single_path.h">
      <Filter>graphics\raster\agg</Filter>
    </ClInclude>
    <ClInclude Include="graphics\raster\agg\agg_trans_viewport.h">
      <Filter>graphics\raster\agg</Filter>
    </ClInclude>
    <ClInclude Include="graphics\raster\agg\agg_trans_warp_magnifier.h">
      <Filter>graphics\raster\agg</Filter>
    </ClInclude>
    <ClInclude Include="graphics\raster\agg\agg_vcgen_bspline.h">
      <Filter>graphics\raster\agg</Filter>
    </ClInclude>
    <ClInclude Include="graphics\raster\agg\agg_vcgen_contour.h">
      <Filter>graphics\raster\agg</Filter>
    </ClInclude>
    <ClInclude Include="graphics\raster\agg\agg_vcgen_dash.h">
      <Filter>graphics\raster\agg</Filter>
    </ClInclude>
    <ClInclude Include="graphics\raster\agg\agg_vcgen_markers_term.h">
      <Filter>graphics\raster\agg</Filter>
    </ClInclude>
    <ClInclude Include="graphics\raster\agg\agg_vcgen_smooth_poly1.h">
      <Filter>graphics\raster\agg</Filter>
    </ClInclude>
    <ClInclude Include="graphics\raster\agg\agg_vcgen_stroke.h">
      <Filter>graphics\raster\agg</Filter>
    </ClInclude>
    <ClInclude Include="graphics\raster\agg\agg_vcgen_vertex_sequence.h">
      <Filter>graphics\raster\agg</Filter>
    </ClInclude>
    <ClInclude Include="graphics\raster\agg\agg_vertex_sequence.h">
      <Filter>graphics\raster\agg</Filter>
    </ClInclude>
    <ClInclude Include="graphics\raster\agg\agg_vpgen_clip_polygon.h">
      <Filter>graphics\raster\agg</Filter>
    </ClInclude>
    <ClInclude Include="graphics\raster\agg\agg_vpgen_clip_polyline.h">
      <Filter>graphics\raster\agg</Filter>
    </ClInclude>
    <ClInclude Include="graphics\raster\agg\agg_vpgen_segmentator.h">
      <Filter>graphics\raster\agg</Filter>
    </ClInclude>
    <ClInclude Include="graphics\raster\agg.h">
      <Filter>graphics\raster</Filter>
    </ClInclude>
    <ClInclude Include="graphics\raster\path.h">
      <Filter>graphics\raster</Filter>
    </ClInclude>
    <ClInclude Include="graphics\raster\path_adapter.h">
      <Filter>graphics\raster</Filter>
    </ClInclude>
    <ClInclude Include="graphics\image\formats\bmp.h">
      <Filter>graphics\image\formats</Filter>
    </ClInclude>
    <ClInclude Include="graphics\image\formats\dds.h">
      <Filter>graphics\image\formats</Filter>
    </ClInclude>
    <ClInclude Include="graphics\image\formats\jpg.h">
      <Filter>graphics\image\formats</Filter>
    </ClInclude>
    <ClInclude Include="graphics\image\formats\png.h">
      <Filter>graphics\image\formats</Filter>
    </ClInclude>
    <ClInclude Include="graphics\image\formats\tga.h">
      <Filter>graphics\image\formats</Filter>
    </ClInclude>
  </ItemGroup>
  <ItemGroup>
    <Filter Include="core">
      <UniqueIdentifier>{e66dda2f-c3a6-461a-8a88-89379ad27427}</UniqueIdentifier>
    </Filter>
    <Filter Include="win32">
      <UniqueIdentifier>{a88dfbcf-0f88-4960-a408-6112a362b37d}</UniqueIdentifier>
    </Filter>
    <Filter Include="core\network">
      <UniqueIdentifier>{78b849b8-1f55-4870-a9f1-1786828a6c0f}</UniqueIdentifier>
    </Filter>
    <Filter Include="core\io">
      <UniqueIdentifier>{f04b9ca1-3ee7-48f3-b7da-66c8c1a693e2}</UniqueIdentifier>
    </Filter>
    <Filter Include="graphics">
      <UniqueIdentifier>{749c32a9-4ad8-41c4-ac68-4c8f72da806d}</UniqueIdentifier>
    </Filter>
    <Filter Include="graphics\image">
      <UniqueIdentifier>{7c7dde39-a045-4635-a52c-0af3676d3882}</UniqueIdentifier>
    </Filter>
    <Filter Include="core\math">
      <UniqueIdentifier>{cb6c943e-d954-4c9b-9492-3fdf01283f00}</UniqueIdentifier>
    </Filter>
    <Filter Include="core\math\xmm">
      <UniqueIdentifier>{83016ac8-564d-4584-8649-a90857206961}</UniqueIdentifier>
    </Filter>
    <Filter Include="core\math\xmm\xm">
      <UniqueIdentifier>{3078cc9c-008f-43a2-8ab9-173d04cd0f4e}</UniqueIdentifier>
    </Filter>
    <Filter Include="main">
      <UniqueIdentifier>{88779072-c8c3-48d8-b1d9-fd7315e9672e}</UniqueIdentifier>
    </Filter>
    <Filter Include="win32\uniscribe">
      <UniqueIdentifier>{1563d03b-b08a-447f-ac87-6a14c3db607e}</UniqueIdentifier>
    </Filter>
    <Filter Include="graphics\text">
      <UniqueIdentifier>{b55f09cb-d7eb-48f0-a007-a1505b064964}</UniqueIdentifier>
    </Filter>
    <Filter Include="graphics\raster">
      <UniqueIdentifier>{814b3427-2369-425b-8714-b1aa390c27ab}</UniqueIdentifier>
    </Filter>
    <Filter Include="graphics\raster\agg">
      <UniqueIdentifier>{e3894a84-aa6d-495d-b728-45def96ec7b2}</UniqueIdentifier>
    </Filter>
    <Filter Include="graphics\raster\agg\util">
      <UniqueIdentifier>{6a12fd04-1e4c-4cd0-88ff-bf8f0f2807e9}</UniqueIdentifier>
    </Filter>
    <Filter Include="graphics\image\formats">
      <UniqueIdentifier>{1212c281-62d5-4205-a647-d12b274a2777}</UniqueIdentifier>
    </Filter>
  </ItemGroup>
  <ItemGroup>
    <None Include="core\math\xmm\xm\xmf_base.inl">
      <Filter>core\math\xmm\xm</Filter>
    </None>
    <None Include="core\math\xmm\xm\xmf_matr.inl">
      <Filter>core\math\xmm\xm</Filter>
    </None>
    <None Include="core\math\xmm\xm\xmf_quat.inl">
      <Filter>core\math\xmm\xm</Filter>
    </None>
    <None Include="core\math\xmm\xm\xmf_vec.inl">
      <Filter>core\math\xmm\xm</Filter>
    </None>
  </ItemGroup>
  <ItemGroup>
    <Natvis Include="xui.natvis" />
  </ItemGroup>
</Project>